// !$*UTF8*$!
{
	archiveVersion = 1;
	classes = {
	};
	objectVersion = 48;
	objects = {

/* Begin PBXBuildFile section */
		32B1F0FE7DB3926007B26BD8 /* Pods_iOStarter.framework in Frameworks */ = {isa = PBXBuildFile; fileRef = DEE443046AD25907E36F53E4 /* Pods_iOStarter.framework */; };
		5CE23300EA6587C5A41029A0 /* libPods-iOStarterTests.a in Frameworks */ = {isa = PBXBuildFile; fileRef = DA1B4A9F301D3F2405CC3A2A /* libPods-iOStarterTests.a */; };
		E27D9C3723DFEE8B00C0C129 /* ExtUIImage.swift in Sources */ = {isa = PBXBuildFile; fileRef = E27D9C2C23DFEE8A00C0C129 /* ExtUIImage.swift */; };
		E27D9C3823DFEE8B00C0C129 /* ExtUIView.swift in Sources */ = {isa = PBXBuildFile; fileRef = E27D9C2D23DFEE8A00C0C129 /* ExtUIView.swift */; };
		E27D9C3923DFEE8B00C0C129 /* ExtInt.swift in Sources */ = {isa = PBXBuildFile; fileRef = E27D9C2E23DFEE8A00C0C129 /* ExtInt.swift */; };
		E27D9C3A23DFEE8B00C0C129 /* ExtDate.swift in Sources */ = {isa = PBXBuildFile; fileRef = E27D9C2F23DFEE8A00C0C129 /* ExtDate.swift */; };
		E27D9C3B23DFEE8B00C0C129 /* ExtUITextField.swift in Sources */ = {isa = PBXBuildFile; fileRef = E27D9C3023DFEE8A00C0C129 /* ExtUITextField.swift */; };
		E27D9C3C23DFEE8B00C0C129 /* ExtUIApplication.swift in Sources */ = {isa = PBXBuildFile; fileRef = E27D9C3123DFEE8A00C0C129 /* ExtUIApplication.swift */; };
		E27D9C3D23DFEE8B00C0C129 /* ExtBool.swift in Sources */ = {isa = PBXBuildFile; fileRef = E27D9C3223DFEE8B00C0C129 /* ExtBool.swift */; };
		E27D9C3E23DFEE8B00C0C129 /* ExtString.swift in Sources */ = {isa = PBXBuildFile; fileRef = E27D9C3323DFEE8B00C0C129 /* ExtString.swift */; };
		E27D9C3F23DFEE8B00C0C129 /* ExtUINavigationController.swift in Sources */ = {isa = PBXBuildFile; fileRef = E27D9C3423DFEE8B00C0C129 /* ExtUINavigationController.swift */; };
		E27D9C4023DFEE8B00C0C129 /* ExtUIViewController.swift in Sources */ = {isa = PBXBuildFile; fileRef = E27D9C3523DFEE8B00C0C129 /* ExtUIViewController.swift */; };
		E27D9C4123DFEE8B00C0C129 /* ExtCAGradientLayer.swift in Sources */ = {isa = PBXBuildFile; fileRef = E27D9C3623DFEE8B00C0C129 /* ExtCAGradientLayer.swift */; };
		ED19EAB421213B8400C82E8F /* LocationHelper.swift in Sources */ = {isa = PBXBuildFile; fileRef = ED19EAB321213B8400C82E8F /* LocationHelper.swift */; };
		ED2A4336212A5E2F00F0379E /* DownloadFileHelper.swift in Sources */ = {isa = PBXBuildFile; fileRef = ED2A4335212A5E2F00F0379E /* DownloadFileHelper.swift */; };
		ED2A4338212A5E3A00F0379E /* CheckBox.swift in Sources */ = {isa = PBXBuildFile; fileRef = ED2A4337212A5E3A00F0379E /* CheckBox.swift */; };
		ED2A433A212A5E4800F0379E /* PickerField.swift in Sources */ = {isa = PBXBuildFile; fileRef = ED2A4339212A5E4800F0379E /* PickerField.swift */; };
		ED2E698E2109788B0086385A /* ExampleModel.swift in Sources */ = {isa = PBXBuildFile; fileRef = ED2E698D2109788B0086385A /* ExampleModel.swift */; };
		ED2E69922109AB760086385A /* ErrorView.swift in Sources */ = {isa = PBXBuildFile; fileRef = ED2E69902109AB760086385A /* ErrorView.swift */; };
		ED2E69932109AB760086385A /* ErrorView.xib in Resources */ = {isa = PBXBuildFile; fileRef = ED2E69912109AB760086385A /* ErrorView.xib */; };
		ED3978DD2103044100FA6BDF /* RegisterVC.swift in Sources */ = {isa = PBXBuildFile; fileRef = ED3978DC2103044100FA6BDF /* RegisterVC.swift */; };
		ED3978DF2103047C00FA6BDF /* RegisterVM.swift in Sources */ = {isa = PBXBuildFile; fileRef = ED3978DE2103047C00FA6BDF /* RegisterVM.swift */; };
		ED3978E421030BDF00FA6BDF /* LoadIndicatorView.swift in Sources */ = {isa = PBXBuildFile; fileRef = ED3978E221030BDF00FA6BDF /* LoadIndicatorView.swift */; };
		ED3978E521030BDF00FA6BDF /* LoadIndicatorView.xib in Resources */ = {isa = PBXBuildFile; fileRef = ED3978E321030BDF00FA6BDF /* LoadIndicatorView.xib */; };
		ED3978E92103141800FA6BDF /* CAlertView.swift in Sources */ = {isa = PBXBuildFile; fileRef = ED3978E72103141800FA6BDF /* CAlertView.swift */; };
		ED3978EA2103141800FA6BDF /* CAlertView.xib in Resources */ = {isa = PBXBuildFile; fileRef = ED3978E82103141800FA6BDF /* CAlertView.xib */; };
		ED49392C210882360064C50C /* ViewController.swift in Sources */ = {isa = PBXBuildFile; fileRef = ED49392B210882360064C50C /* ViewController.swift */; };
		ED49392F21096E650064C50C /* TabBarMenuVC.swift in Sources */ = {isa = PBXBuildFile; fileRef = ED49392E21096E650064C50C /* TabBarMenuVC.swift */; };
		ED69DB4E21438A7B001273FB /* readme.md in Resources */ = {isa = PBXBuildFile; fileRef = ED69DB4D21438A7A001273FB /* readme.md */; };
		ED836FBD20F6E18100CFC549 /* AppDelegate.swift in Sources */ = {isa = PBXBuildFile; fileRef = ED836FBC20F6E18100CFC549 /* AppDelegate.swift */; };
		ED836FC220F6E18100CFC549 /* Main.storyboard in Resources */ = {isa = PBXBuildFile; fileRef = ED836FC020F6E18100CFC549 /* Main.storyboard */; };
		ED836FC420F6E18100CFC549 /* Assets.xcassets in Resources */ = {isa = PBXBuildFile; fileRef = ED836FC320F6E18100CFC549 /* Assets.xcassets */; };
		ED836FC720F6E18100CFC549 /* LaunchScreen.storyboard in Resources */ = {isa = PBXBuildFile; fileRef = ED836FC520F6E18100CFC549 /* LaunchScreen.storyboard */; };
		ED836FE820F6F4AE00CFC549 /* FloaticonField.swift in Sources */ = {isa = PBXBuildFile; fileRef = ED836FE420F6F4AE00CFC549 /* FloaticonField.swift */; };
		ED836FE920F6F4AE00CFC549 /* TextFieldEffects.swift in Sources */ = {isa = PBXBuildFile; fileRef = ED836FE520F6F4AE00CFC549 /* TextFieldEffects.swift */; };
		ED836FEB20F6F5B400CFC549 /* swiftgen.yml in Resources */ = {isa = PBXBuildFile; fileRef = ED836FEA20F6F5B400CFC549 /* swiftgen.yml */; };
		ED836FFE20F6F5DA00CFC549 /* colors.json in Resources */ = {isa = PBXBuildFile; fileRef = ED836FF720F6F5DA00CFC549 /* colors.json */; };
		ED836FFF20F6F5DA00CFC549 /* Proxima Nova Black.otf in Resources */ = {isa = PBXBuildFile; fileRef = ED836FF920F6F5DA00CFC549 /* Proxima Nova Black.otf */; };
		ED83700020F6F5DA00CFC549 /* Proxima Nova Bold.otf in Resources */ = {isa = PBXBuildFile; fileRef = ED836FFA20F6F5DA00CFC549 /* Proxima Nova Bold.otf */; };
		ED83700120F6F5DA00CFC549 /* Proxima Nova Extrabold.otf in Resources */ = {isa = PBXBuildFile; fileRef = ED836FFB20F6F5DA00CFC549 /* Proxima Nova Extrabold.otf */; };
		ED83700220F6F5DA00CFC549 /* Proxima Nova Thin.otf in Resources */ = {isa = PBXBuildFile; fileRef = ED836FFC20F6F5DA00CFC549 /* Proxima Nova Thin.otf */; };
		ED83700320F6F5DA00CFC549 /* ProximaNova-Regular.otf in Resources */ = {isa = PBXBuildFile; fileRef = ED836FFD20F6F5DA00CFC549 /* ProximaNova-Regular.otf */; };
		ED83700A20F708D700CFC549 /* AppColor.swift in Sources */ = {isa = PBXBuildFile; fileRef = ED83700520F708D600CFC549 /* AppColor.swift */; };
		ED83700B20F708D700CFC549 /* AppAssets.swift in Sources */ = {isa = PBXBuildFile; fileRef = ED83700620F708D600CFC549 /* AppAssets.swift */; };
		ED83700C20F708D700CFC549 /* AppFont.swift in Sources */ = {isa = PBXBuildFile; fileRef = ED83700720F708D700CFC549 /* AppFont.swift */; };
		ED83700D20F708D700CFC549 /* ErrorConstant.swift in Sources */ = {isa = PBXBuildFile; fileRef = ED83700820F708D700CFC549 /* ErrorConstant.swift */; };
		ED83700E20F708D700CFC549 /* AppStoryboard.swift in Sources */ = {isa = PBXBuildFile; fileRef = ED83700920F708D700CFC549 /* AppStoryboard.swift */; };
		ED83701520F7094000CFC549 /* ForgotPassVC.swift in Sources */ = {isa = PBXBuildFile; fileRef = ED83701020F7094000CFC549 /* ForgotPassVC.swift */; };
		ED83701620F7094000CFC549 /* LoginVC.swift in Sources */ = {isa = PBXBuildFile; fileRef = ED83701120F7094000CFC549 /* LoginVC.swift */; };
		ED83701720F7094000CFC549 /* ForgotPassVM.swift in Sources */ = {isa = PBXBuildFile; fileRef = ED83701320F7094000CFC549 /* ForgotPassVM.swift */; };
		ED83701820F7094000CFC549 /* LoginVM.swift in Sources */ = {isa = PBXBuildFile; fileRef = ED83701420F7094000CFC549 /* LoginVM.swift */; };
		ED83701D20F709A900CFC549 /* Auth.storyboard in Resources */ = {isa = PBXBuildFile; fileRef = ED83701B20F709A900CFC549 /* Auth.storyboard */; };
		ED83702420F70AC400CFC549 /* DatabaseHelper.swift in Sources */ = {isa = PBXBuildFile; fileRef = ED83702320F70AC400CFC549 /* DatabaseHelper.swift */; };
		ED83702620F70AE100CFC549 /* ExtUIColor.swift in Sources */ = {isa = PBXBuildFile; fileRef = ED83702520F70AE000CFC549 /* ExtUIColor.swift */; };
		ED83702920F70CD800CFC549 /* Profile.swift in Sources */ = {isa = PBXBuildFile; fileRef = ED83702820F70CD800CFC549 /* Profile.swift */; };
		ED83702B20F70D4D00CFC549 /* UserSession.swift in Sources */ = {isa = PBXBuildFile; fileRef = ED83702A20F70D4D00CFC549 /* UserSession.swift */; };
		ED83702D20F70E5700CFC549 /* NotificationHelper.swift in Sources */ = {isa = PBXBuildFile; fileRef = ED83702C20F70E5700CFC549 /* NotificationHelper.swift */; };
		ED83703120F7121200CFC549 /* Notify.swift in Sources */ = {isa = PBXBuildFile; fileRef = ED83702F20F7121100CFC549 /* Notify.swift */; };
		ED83703220F7121200CFC549 /* KeyboardManager.swift in Sources */ = {isa = PBXBuildFile; fileRef = ED83703020F7121100CFC549 /* KeyboardManager.swift */; };
		EDB7C3AB210C0B7F00E8C887 /* ProfileVC.swift in Sources */ = {isa = PBXBuildFile; fileRef = EDB7C3AA210C0B7F00E8C887 /* ProfileVC.swift */; };
		EDB7C3AE210C0C1C00E8C887 /* Profile.storyboard in Resources */ = {isa = PBXBuildFile; fileRef = EDB7C3B0210C0C1C00E8C887 /* Profile.storyboard */; };
		EDB7C3B2210C148100E8C887 /* EditProfileVC.swift in Sources */ = {isa = PBXBuildFile; fileRef = EDB7C3B1210C148100E8C887 /* EditProfileVC.swift */; };
		EDB7C3B4210C15FA00E8C887 /* EditPassVC.swift in Sources */ = {isa = PBXBuildFile; fileRef = EDB7C3B3210C15FA00E8C887 /* EditPassVC.swift */; };
		EDB7C3B7210C165100E8C887 /* ProfileVM.swift in Sources */ = {isa = PBXBuildFile; fileRef = EDB7C3B6210C165100E8C887 /* ProfileVM.swift */; };
		EDB7C3B9210C237400E8C887 /* Config.swift in Sources */ = {isa = PBXBuildFile; fileRef = EDB7C3B8210C237400E8C887 /* Config.swift */; };
		EDB8C909211C163B0003AF4A /* ImagePagerView.swift in Sources */ = {isa = PBXBuildFile; fileRef = EDB8C908211C163B0003AF4A /* ImagePagerView.swift */; };
		EDCE31A3210828A100DE0957 /* DrawerMenuVC.swift in Sources */ = {isa = PBXBuildFile; fileRef = EDCE31A2210828A100DE0957 /* DrawerMenuVC.swift */; };
		EDCE31A721082A2000DE0957 /* MenuVM.swift in Sources */ = {isa = PBXBuildFile; fileRef = EDCE31A621082A2000DE0957 /* MenuVM.swift */; };
		EDCE31A921082CB100DE0957 /* DrawerMenu.swift in Sources */ = {isa = PBXBuildFile; fileRef = EDCE31A821082CB100DE0957 /* DrawerMenu.swift */; };
		EDCE31AB2108502D00DE0957 /* ToastView.swift in Sources */ = {isa = PBXBuildFile; fileRef = EDCE31AA2108502C00DE0957 /* ToastView.swift */; };
		EDCE31AF2108621300DE0957 /* DrawerMenuCell.swift in Sources */ = {isa = PBXBuildFile; fileRef = EDCE31AE2108621300DE0957 /* DrawerMenuCell.swift */; };
		EDCE31B1210863C800DE0957 /* MenuItemVM.swift in Sources */ = {isa = PBXBuildFile; fileRef = EDCE31B0210863C800DE0957 /* MenuItemVM.swift */; };
		EDCE31B521087E8600DE0957 /* GridMenuVC.swift in Sources */ = {isa = PBXBuildFile; fileRef = EDCE31B421087E8600DE0957 /* GridMenuVC.swift */; };
		EDCE31B82108806100DE0957 /* GridMenuCell.swift in Sources */ = {isa = PBXBuildFile; fileRef = EDCE31B72108806100DE0957 /* GridMenuCell.swift */; };
		EDCEE55821071D8B001EE0FF /* JVFloatingDrawerSpringAnimator.m in Sources */ = {isa = PBXBuildFile; fileRef = EDCEE55321071D8B001EE0FF /* JVFloatingDrawerSpringAnimator.m */; };
		EDCEE55921071D8B001EE0FF /* JVFloatingDrawerView.m in Sources */ = {isa = PBXBuildFile; fileRef = EDCEE55521071D8B001EE0FF /* JVFloatingDrawerView.m */; };
		EDCEE55A21071D8B001EE0FF /* JVFloatingDrawerViewController.m in Sources */ = {isa = PBXBuildFile; fileRef = EDCEE55721071D8B001EE0FF /* JVFloatingDrawerViewController.m */; };
		EDCEE55C21071EB3001EE0FF /* Menu.swift in Sources */ = {isa = PBXBuildFile; fileRef = EDCEE55B21071EB3001EE0FF /* Menu.swift */; };
		FA09F6A922C9A2AA003FB213 /* BaseAlertController.swift in Sources */ = {isa = PBXBuildFile; fileRef = FA09F6A822C9A2AA003FB213 /* BaseAlertController.swift */; };
		FA09F6AC22C9A2FB003FB213 /* BasePopUpView.xib in Resources */ = {isa = PBXBuildFile; fileRef = FA09F6AB22C9A2FB003FB213 /* BasePopUpView.xib */; };
		FA29D1E923167D3C007E5F49 /* ApplicationTests.swift in Sources */ = {isa = PBXBuildFile; fileRef = FA29D1E823167D3C007E5F49 /* ApplicationTests.swift */; };
		FA29D1F023168368007E5F49 /* LoginVM.swift in Sources */ = {isa = PBXBuildFile; fileRef = ED83701420F7094000CFC549 /* LoginVM.swift */; };
		FA29D1F123168388007E5F49 /* Profile.swift in Sources */ = {isa = PBXBuildFile; fileRef = ED83702820F70CD800CFC549 /* Profile.swift */; };
		FA29D1F223168394007E5F49 /* ErrorConstant.swift in Sources */ = {isa = PBXBuildFile; fileRef = ED83700820F708D700CFC549 /* ErrorConstant.swift */; };
		FA29D1F3231683A3007E5F49 /* UserSession.swift in Sources */ = {isa = PBXBuildFile; fileRef = ED83702A20F70D4D00CFC549 /* UserSession.swift */; };
		FA2CAF1E2317B39F00507A90 /* LocalizeHelper.swift in Sources */ = {isa = PBXBuildFile; fileRef = FAA827A8228D351200B91749 /* LocalizeHelper.swift */; };
		FA3AD5412318BF6B000B17C6 /* NavigationBar.swift in Sources */ = {isa = PBXBuildFile; fileRef = FA3AD5402318BF6B000B17C6 /* NavigationBar.swift */; };
		FA3AD5432318C752000B17C6 /* NavigationItem.swift in Sources */ = {isa = PBXBuildFile; fileRef = FA3AD5422318C752000B17C6 /* NavigationItem.swift */; };
		FA539224239B5725005CA83E /* ExampleListVC.swift in Sources */ = {isa = PBXBuildFile; fileRef = FA539223239B5725005CA83E /* ExampleListVC.swift */; };
		FA539227239B5761005CA83E /* ExampleListVM.swift in Sources */ = {isa = PBXBuildFile; fileRef = FA539226239B5761005CA83E /* ExampleListVM.swift */; };
		FA539229239B5A01005CA83E /* ExampleItemVM.swift in Sources */ = {isa = PBXBuildFile; fileRef = FA539228239B5A01005CA83E /* ExampleItemVM.swift */; };
		FA53922C239B69F8005CA83E /* ExampleCell.swift in Sources */ = {isa = PBXBuildFile; fileRef = FA53922B239B69F8005CA83E /* ExampleCell.swift */; };
		FA77E25A2320B3C100AE6676 /* ApiHelper.swift in Sources */ = {isa = PBXBuildFile; fileRef = FA77E2592320B3C100AE6676 /* ApiHelper.swift */; };
		FA78DAA8239E0D7F005EF2C0 /* CollectionViewController.swift in Sources */ = {isa = PBXBuildFile; fileRef = FA78DAA7239E0D7F005EF2C0 /* CollectionViewController.swift */; };
		FA78DAAE239E23EB005EF2C0 /* ExampleDetailVC.swift in Sources */ = {isa = PBXBuildFile; fileRef = FA78DAAD239E23EB005EF2C0 /* ExampleDetailVC.swift */; };
		FA78DAB5239E273A005EF2C0 /* Example.storyboard in Resources */ = {isa = PBXBuildFile; fileRef = FA78DAB7239E273A005EF2C0 /* Example.storyboard */; };
		FA96A1E02320AC0F000B9228 /* APIClient.swift in Sources */ = {isa = PBXBuildFile; fileRef = FA96A1DF2320AC0F000B9228 /* APIClient.swift */; };
		FAA2BF16228A6EE400688422 /* TableViewController.swift in Sources */ = {isa = PBXBuildFile; fileRef = FAA2BF15228A6EE400688422 /* TableViewController.swift */; };
		FAA686C2231CEDD100C629CE /* KWWebView.swift in Sources */ = {isa = PBXBuildFile; fileRef = FAA686C1231CEDD100C629CE /* KWWebView.swift */; };
		FAA8278F228D1C0300B91749 /* PluralAppStrings.swift in Sources */ = {isa = PBXBuildFile; fileRef = FAA8278E228D1C0200B91749 /* PluralAppStrings.swift */; };
		FAA82799228D2B1300B91749 /* Localizable.strings in Resources */ = {isa = PBXBuildFile; fileRef = FAA8277D228D0DDB00B91749 /* Localizable.strings */; };
		FAA8279F228D2BE500B91749 /* AppStrings.swift in Sources */ = {isa = PBXBuildFile; fileRef = FAA8279E228D2BE500B91749 /* AppStrings.swift */; };
		FAA827A6228D2FF000B91749 /* PluralLocalizable.stringsdict in Resources */ = {isa = PBXBuildFile; fileRef = FAA827A4228D2FF000B91749 /* PluralLocalizable.stringsdict */; };
		FAA827A9228D351200B91749 /* LocalizeHelper.swift in Sources */ = {isa = PBXBuildFile; fileRef = FAA827A8228D351200B91749 /* LocalizeHelper.swift */; };
/* End PBXBuildFile section */

/* Begin PBXContainerItemProxy section */
		FA29D1EB23167D3C007E5F49 /* PBXContainerItemProxy */ = {
			isa = PBXContainerItemProxy;
			containerPortal = ED836FB120F6E18000CFC549 /* Project object */;
			proxyType = 1;
			remoteGlobalIDString = ED836FB820F6E18100CFC549;
			remoteInfo = iOS_Starter;
		};
/* End PBXContainerItemProxy section */

/* Begin PBXFileReference section */
		0BF64603E138404EBD441E21 /* Pods-iOS_StarterTests.debug.xcconfig */ = {isa = PBXFileReference; includeInIndex = 1; lastKnownFileType = text.xcconfig; name = "Pods-iOS_StarterTests.debug.xcconfig"; path = "Pods/Target Support Files/Pods-iOS_StarterTests/Pods-iOS_StarterTests.debug.xcconfig"; sourceTree = "<group>"; };
		1A333F2B9FD6646F49D93A85 /* Pods-iOS_StarterTests.release.xcconfig */ = {isa = PBXFileReference; includeInIndex = 1; lastKnownFileType = text.xcconfig; name = "Pods-iOS_StarterTests.release.xcconfig"; path = "Pods/Target Support Files/Pods-iOS_StarterTests/Pods-iOS_StarterTests.release.xcconfig"; sourceTree = "<group>"; };
		418DF91B5980E661D64A40FD /* Pods-iOS_Starter.debug.xcconfig */ = {isa = PBXFileReference; includeInIndex = 1; lastKnownFileType = text.xcconfig; name = "Pods-iOS_Starter.debug.xcconfig"; path = "Pods/Target Support Files/Pods-iOS_Starter/Pods-iOS_Starter.debug.xcconfig"; sourceTree = "<group>"; };
		5394ACBD3E2D05C8BDB41F9F /* Pods-iOStarterTests.release.xcconfig */ = {isa = PBXFileReference; includeInIndex = 1; lastKnownFileType = text.xcconfig; name = "Pods-iOStarterTests.release.xcconfig"; path = "Pods/Target Support Files/Pods-iOStarterTests/Pods-iOStarterTests.release.xcconfig"; sourceTree = "<group>"; };
		5F25438CD834046E473FDD50 /* Pods-iOStarter.release.xcconfig */ = {isa = PBXFileReference; includeInIndex = 1; lastKnownFileType = text.xcconfig; name = "Pods-iOStarter.release.xcconfig"; path = "Pods/Target Support Files/Pods-iOStarter/Pods-iOStarter.release.xcconfig"; sourceTree = "<group>"; };
		A2FAA04184147F7E3C117360 /* Pods-iOS_Starter.release.xcconfig */ = {isa = PBXFileReference; includeInIndex = 1; lastKnownFileType = text.xcconfig; name = "Pods-iOS_Starter.release.xcconfig"; path = "Pods/Target Support Files/Pods-iOS_Starter/Pods-iOS_Starter.release.xcconfig"; sourceTree = "<group>"; };
		AE8A69E1415DDBE14E02B7C9 /* Pods-iOStarterTests.debug.xcconfig */ = {isa = PBXFileReference; includeInIndex = 1; lastKnownFileType = text.xcconfig; name = "Pods-iOStarterTests.debug.xcconfig"; path = "Pods/Target Support Files/Pods-iOStarterTests/Pods-iOStarterTests.debug.xcconfig"; sourceTree = "<group>"; };
		C3AE795366AA293C92B6BE79 /* Pods-iOStarter.debug.xcconfig */ = {isa = PBXFileReference; includeInIndex = 1; lastKnownFileType = text.xcconfig; name = "Pods-iOStarter.debug.xcconfig"; path = "Pods/Target Support Files/Pods-iOStarter/Pods-iOStarter.debug.xcconfig"; sourceTree = "<group>"; };
		DA1B4A9F301D3F2405CC3A2A /* libPods-iOStarterTests.a */ = {isa = PBXFileReference; explicitFileType = archive.ar; includeInIndex = 0; path = "libPods-iOStarterTests.a"; sourceTree = BUILT_PRODUCTS_DIR; };
		DEE443046AD25907E36F53E4 /* Pods_iOStarter.framework */ = {isa = PBXFileReference; explicitFileType = wrapper.framework; includeInIndex = 0; path = Pods_iOStarter.framework; sourceTree = BUILT_PRODUCTS_DIR; };
		E27D9C2C23DFEE8A00C0C129 /* ExtUIImage.swift */ = {isa = PBXFileReference; fileEncoding = 4; lastKnownFileType = sourcecode.swift; path = ExtUIImage.swift; sourceTree = "<group>"; };
		E27D9C2D23DFEE8A00C0C129 /* ExtUIView.swift */ = {isa = PBXFileReference; fileEncoding = 4; lastKnownFileType = sourcecode.swift; path = ExtUIView.swift; sourceTree = "<group>"; };
		E27D9C2E23DFEE8A00C0C129 /* ExtInt.swift */ = {isa = PBXFileReference; fileEncoding = 4; lastKnownFileType = sourcecode.swift; path = ExtInt.swift; sourceTree = "<group>"; };
		E27D9C2F23DFEE8A00C0C129 /* ExtDate.swift */ = {isa = PBXFileReference; fileEncoding = 4; lastKnownFileType = sourcecode.swift; path = ExtDate.swift; sourceTree = "<group>"; };
		E27D9C3023DFEE8A00C0C129 /* ExtUITextField.swift */ = {isa = PBXFileReference; fileEncoding = 4; lastKnownFileType = sourcecode.swift; path = ExtUITextField.swift; sourceTree = "<group>"; };
		E27D9C3123DFEE8A00C0C129 /* ExtUIApplication.swift */ = {isa = PBXFileReference; fileEncoding = 4; lastKnownFileType = sourcecode.swift; path = ExtUIApplication.swift; sourceTree = "<group>"; };
		E27D9C3223DFEE8B00C0C129 /* ExtBool.swift */ = {isa = PBXFileReference; fileEncoding = 4; lastKnownFileType = sourcecode.swift; path = ExtBool.swift; sourceTree = "<group>"; };
		E27D9C3323DFEE8B00C0C129 /* ExtString.swift */ = {isa = PBXFileReference; fileEncoding = 4; lastKnownFileType = sourcecode.swift; path = ExtString.swift; sourceTree = "<group>"; };
		E27D9C3423DFEE8B00C0C129 /* ExtUINavigationController.swift */ = {isa = PBXFileReference; fileEncoding = 4; lastKnownFileType = sourcecode.swift; path = ExtUINavigationController.swift; sourceTree = "<group>"; };
		E27D9C3523DFEE8B00C0C129 /* ExtUIViewController.swift */ = {isa = PBXFileReference; fileEncoding = 4; lastKnownFileType = sourcecode.swift; path = ExtUIViewController.swift; sourceTree = "<group>"; };
		E27D9C3623DFEE8B00C0C129 /* ExtCAGradientLayer.swift */ = {isa = PBXFileReference; fileEncoding = 4; lastKnownFileType = sourcecode.swift; path = ExtCAGradientLayer.swift; sourceTree = "<group>"; };
		E3D78B72A52821CBA95C65B3 /* Pods-iOS_StarterUITests.debug.xcconfig */ = {isa = PBXFileReference; includeInIndex = 1; lastKnownFileType = text.xcconfig; name = "Pods-iOS_StarterUITests.debug.xcconfig"; path = "Pods/Target Support Files/Pods-iOS_StarterUITests/Pods-iOS_StarterUITests.debug.xcconfig"; sourceTree = "<group>"; };
		EB9FAECF6DADBD872C670046 /* Pods-iOS_StarterUITests.release.xcconfig */ = {isa = PBXFileReference; includeInIndex = 1; lastKnownFileType = text.xcconfig; name = "Pods-iOS_StarterUITests.release.xcconfig"; path = "Pods/Target Support Files/Pods-iOS_StarterUITests/Pods-iOS_StarterUITests.release.xcconfig"; sourceTree = "<group>"; };
		ED19EAB321213B8400C82E8F /* LocationHelper.swift */ = {isa = PBXFileReference; lastKnownFileType = sourcecode.swift; path = LocationHelper.swift; sourceTree = "<group>"; };
		ED19EAC62122D07000C82E8F /* id */ = {isa = PBXFileReference; lastKnownFileType = text.plist.strings; name = id; path = id.lproj/Main.strings; sourceTree = "<group>"; };
		ED19EAC72122D07100C82E8F /* id */ = {isa = PBXFileReference; lastKnownFileType = text.plist.strings; name = id; path = id.lproj/LaunchScreen.strings; sourceTree = "<group>"; };
		ED19EAC82122D07200C82E8F /* id */ = {isa = PBXFileReference; lastKnownFileType = text.plist.strings; name = id; path = id.lproj/Auth.strings; sourceTree = "<group>"; };
		ED19EACA2122D07400C82E8F /* id */ = {isa = PBXFileReference; lastKnownFileType = text.plist.strings; name = id; path = id.lproj/Profile.strings; sourceTree = "<group>"; };
		ED2A4335212A5E2F00F0379E /* DownloadFileHelper.swift */ = {isa = PBXFileReference; fileEncoding = 4; lastKnownFileType = sourcecode.swift; path = DownloadFileHelper.swift; sourceTree = "<group>"; };
		ED2A4337212A5E3A00F0379E /* CheckBox.swift */ = {isa = PBXFileReference; fileEncoding = 4; lastKnownFileType = sourcecode.swift; path = CheckBox.swift; sourceTree = "<group>"; };
		ED2A4339212A5E4800F0379E /* PickerField.swift */ = {isa = PBXFileReference; fileEncoding = 4; lastKnownFileType = sourcecode.swift; path = PickerField.swift; sourceTree = "<group>"; };
		ED2E698D2109788B0086385A /* ExampleModel.swift */ = {isa = PBXFileReference; lastKnownFileType = sourcecode.swift; path = ExampleModel.swift; sourceTree = "<group>"; };
		ED2E69902109AB760086385A /* ErrorView.swift */ = {isa = PBXFileReference; lastKnownFileType = sourcecode.swift; path = ErrorView.swift; sourceTree = "<group>"; };
		ED2E69912109AB760086385A /* ErrorView.xib */ = {isa = PBXFileReference; lastKnownFileType = file.xib; path = ErrorView.xib; sourceTree = "<group>"; };
		ED3978DC2103044100FA6BDF /* RegisterVC.swift */ = {isa = PBXFileReference; lastKnownFileType = sourcecode.swift; path = RegisterVC.swift; sourceTree = "<group>"; };
		ED3978DE2103047C00FA6BDF /* RegisterVM.swift */ = {isa = PBXFileReference; lastKnownFileType = sourcecode.swift; path = RegisterVM.swift; sourceTree = "<group>"; };
		ED3978E221030BDF00FA6BDF /* LoadIndicatorView.swift */ = {isa = PBXFileReference; lastKnownFileType = sourcecode.swift; path = LoadIndicatorView.swift; sourceTree = "<group>"; };
		ED3978E321030BDF00FA6BDF /* LoadIndicatorView.xib */ = {isa = PBXFileReference; lastKnownFileType = file.xib; path = LoadIndicatorView.xib; sourceTree = "<group>"; };
		ED3978E72103141800FA6BDF /* CAlertView.swift */ = {isa = PBXFileReference; lastKnownFileType = sourcecode.swift; path = CAlertView.swift; sourceTree = "<group>"; };
		ED3978E82103141800FA6BDF /* CAlertView.xib */ = {isa = PBXFileReference; lastKnownFileType = file.xib; path = CAlertView.xib; sourceTree = "<group>"; };
		ED49392B210882360064C50C /* ViewController.swift */ = {isa = PBXFileReference; fileEncoding = 4; lastKnownFileType = sourcecode.swift; path = ViewController.swift; sourceTree = "<group>"; };
		ED49392E21096E650064C50C /* TabBarMenuVC.swift */ = {isa = PBXFileReference; lastKnownFileType = sourcecode.swift; path = TabBarMenuVC.swift; sourceTree = "<group>"; };
		ED69DB4D21438A7A001273FB /* readme.md */ = {isa = PBXFileReference; lastKnownFileType = net.daringfireball.markdown; path = readme.md; sourceTree = "<group>"; };
		ED836FB920F6E18100CFC549 /* iOStarter.app */ = {isa = PBXFileReference; explicitFileType = wrapper.application; includeInIndex = 0; path = iOStarter.app; sourceTree = BUILT_PRODUCTS_DIR; };
		ED836FBC20F6E18100CFC549 /* AppDelegate.swift */ = {isa = PBXFileReference; lastKnownFileType = sourcecode.swift; path = AppDelegate.swift; sourceTree = "<group>"; };
		ED836FC120F6E18100CFC549 /* Base */ = {isa = PBXFileReference; lastKnownFileType = file.storyboard; name = Base; path = Base.lproj/Main.storyboard; sourceTree = "<group>"; };
		ED836FC320F6E18100CFC549 /* Assets.xcassets */ = {isa = PBXFileReference; lastKnownFileType = folder.assetcatalog; path = Assets.xcassets; sourceTree = "<group>"; };
		ED836FC620F6E18100CFC549 /* Base */ = {isa = PBXFileReference; lastKnownFileType = file.storyboard; name = Base; path = Base.lproj/LaunchScreen.storyboard; sourceTree = "<group>"; };
		ED836FC820F6E18100CFC549 /* Info.plist */ = {isa = PBXFileReference; lastKnownFileType = text.plist.xml; path = Info.plist; sourceTree = "<group>"; };
		ED836FE420F6F4AE00CFC549 /* FloaticonField.swift */ = {isa = PBXFileReference; fileEncoding = 4; lastKnownFileType = sourcecode.swift; path = FloaticonField.swift; sourceTree = "<group>"; };
		ED836FE520F6F4AE00CFC549 /* TextFieldEffects.swift */ = {isa = PBXFileReference; fileEncoding = 4; lastKnownFileType = sourcecode.swift; path = TextFieldEffects.swift; sourceTree = "<group>"; };
		ED836FEA20F6F5B400CFC549 /* swiftgen.yml */ = {isa = PBXFileReference; fileEncoding = 4; lastKnownFileType = text; path = swiftgen.yml; sourceTree = "<group>"; };
		ED836FF720F6F5DA00CFC549 /* colors.json */ = {isa = PBXFileReference; fileEncoding = 4; lastKnownFileType = text.json; path = colors.json; sourceTree = "<group>"; };
		ED836FF920F6F5DA00CFC549 /* Proxima Nova Black.otf */ = {isa = PBXFileReference; lastKnownFileType = file; path = "Proxima Nova Black.otf"; sourceTree = "<group>"; };
		ED836FFA20F6F5DA00CFC549 /* Proxima Nova Bold.otf */ = {isa = PBXFileReference; lastKnownFileType = file; path = "Proxima Nova Bold.otf"; sourceTree = "<group>"; };
		ED836FFB20F6F5DA00CFC549 /* Proxima Nova Extrabold.otf */ = {isa = PBXFileReference; lastKnownFileType = file; path = "Proxima Nova Extrabold.otf"; sourceTree = "<group>"; };
		ED836FFC20F6F5DA00CFC549 /* Proxima Nova Thin.otf */ = {isa = PBXFileReference; lastKnownFileType = file; path = "Proxima Nova Thin.otf"; sourceTree = "<group>"; };
		ED836FFD20F6F5DA00CFC549 /* ProximaNova-Regular.otf */ = {isa = PBXFileReference; lastKnownFileType = file; path = "ProximaNova-Regular.otf"; sourceTree = "<group>"; };
		ED83700520F708D600CFC549 /* AppColor.swift */ = {isa = PBXFileReference; fileEncoding = 4; lastKnownFileType = sourcecode.swift; path = AppColor.swift; sourceTree = "<group>"; };
		ED83700620F708D600CFC549 /* AppAssets.swift */ = {isa = PBXFileReference; fileEncoding = 4; lastKnownFileType = sourcecode.swift; path = AppAssets.swift; sourceTree = "<group>"; };
		ED83700720F708D700CFC549 /* AppFont.swift */ = {isa = PBXFileReference; fileEncoding = 4; lastKnownFileType = sourcecode.swift; path = AppFont.swift; sourceTree = "<group>"; };
		ED83700820F708D700CFC549 /* ErrorConstant.swift */ = {isa = PBXFileReference; fileEncoding = 4; lastKnownFileType = sourcecode.swift; path = ErrorConstant.swift; sourceTree = "<group>"; };
		ED83700920F708D700CFC549 /* AppStoryboard.swift */ = {isa = PBXFileReference; fileEncoding = 4; lastKnownFileType = sourcecode.swift; path = AppStoryboard.swift; sourceTree = "<group>"; };
		ED83701020F7094000CFC549 /* ForgotPassVC.swift */ = {isa = PBXFileReference; fileEncoding = 4; lastKnownFileType = sourcecode.swift; path = ForgotPassVC.swift; sourceTree = "<group>"; };
		ED83701120F7094000CFC549 /* LoginVC.swift */ = {isa = PBXFileReference; fileEncoding = 4; lastKnownFileType = sourcecode.swift; path = LoginVC.swift; sourceTree = "<group>"; };
		ED83701320F7094000CFC549 /* ForgotPassVM.swift */ = {isa = PBXFileReference; fileEncoding = 4; lastKnownFileType = sourcecode.swift; path = ForgotPassVM.swift; sourceTree = "<group>"; };
		ED83701420F7094000CFC549 /* LoginVM.swift */ = {isa = PBXFileReference; fileEncoding = 4; lastKnownFileType = sourcecode.swift; path = LoginVM.swift; sourceTree = "<group>"; };
		ED83701C20F709A900CFC549 /* Base */ = {isa = PBXFileReference; lastKnownFileType = file.storyboard; name = Base; path = Base.lproj/Auth.storyboard; sourceTree = "<group>"; };
		ED83701F20F70A3500CFC549 /* Project-Bridging-Header.h */ = {isa = PBXFileReference; lastKnownFileType = sourcecode.c.h; path = "Project-Bridging-Header.h"; sourceTree = "<group>"; };
		ED83702320F70AC400CFC549 /* DatabaseHelper.swift */ = {isa = PBXFileReference; fileEncoding = 4; lastKnownFileType = sourcecode.swift; path = DatabaseHelper.swift; sourceTree = "<group>"; };
		ED83702520F70AE000CFC549 /* ExtUIColor.swift */ = {isa = PBXFileReference; fileEncoding = 4; lastKnownFileType = sourcecode.swift; path = ExtUIColor.swift; sourceTree = "<group>"; };
		ED83702820F70CD800CFC549 /* Profile.swift */ = {isa = PBXFileReference; fileEncoding = 4; lastKnownFileType = sourcecode.swift; path = Profile.swift; sourceTree = "<group>"; };
		ED83702A20F70D4D00CFC549 /* UserSession.swift */ = {isa = PBXFileReference; fileEncoding = 4; lastKnownFileType = sourcecode.swift; path = UserSession.swift; sourceTree = "<group>"; };
		ED83702C20F70E5700CFC549 /* NotificationHelper.swift */ = {isa = PBXFileReference; lastKnownFileType = sourcecode.swift; path = NotificationHelper.swift; sourceTree = "<group>"; };
		ED83702F20F7121100CFC549 /* Notify.swift */ = {isa = PBXFileReference; fileEncoding = 4; lastKnownFileType = sourcecode.swift; path = Notify.swift; sourceTree = "<group>"; };
		ED83703020F7121100CFC549 /* KeyboardManager.swift */ = {isa = PBXFileReference; fileEncoding = 4; lastKnownFileType = sourcecode.swift; path = KeyboardManager.swift; sourceTree = "<group>"; };
		EDB7C3AA210C0B7F00E8C887 /* ProfileVC.swift */ = {isa = PBXFileReference; lastKnownFileType = sourcecode.swift; path = ProfileVC.swift; sourceTree = "<group>"; };
		EDB7C3AF210C0C1C00E8C887 /* Base */ = {isa = PBXFileReference; lastKnownFileType = file.storyboard; name = Base; path = Base.lproj/Profile.storyboard; sourceTree = "<group>"; };
		EDB7C3B1210C148100E8C887 /* EditProfileVC.swift */ = {isa = PBXFileReference; lastKnownFileType = sourcecode.swift; path = EditProfileVC.swift; sourceTree = "<group>"; };
		EDB7C3B3210C15FA00E8C887 /* EditPassVC.swift */ = {isa = PBXFileReference; lastKnownFileType = sourcecode.swift; path = EditPassVC.swift; sourceTree = "<group>"; };
		EDB7C3B6210C165100E8C887 /* ProfileVM.swift */ = {isa = PBXFileReference; lastKnownFileType = sourcecode.swift; path = ProfileVM.swift; sourceTree = "<group>"; };
		EDB7C3B8210C237400E8C887 /* Config.swift */ = {isa = PBXFileReference; lastKnownFileType = sourcecode.swift; path = Config.swift; sourceTree = "<group>"; };
		EDB8C908211C163B0003AF4A /* ImagePagerView.swift */ = {isa = PBXFileReference; lastKnownFileType = sourcecode.swift; path = ImagePagerView.swift; sourceTree = "<group>"; };
		EDCE31A2210828A100DE0957 /* DrawerMenuVC.swift */ = {isa = PBXFileReference; lastKnownFileType = sourcecode.swift; path = DrawerMenuVC.swift; sourceTree = "<group>"; };
		EDCE31A621082A2000DE0957 /* MenuVM.swift */ = {isa = PBXFileReference; lastKnownFileType = sourcecode.swift; path = MenuVM.swift; sourceTree = "<group>"; };
		EDCE31A821082CB100DE0957 /* DrawerMenu.swift */ = {isa = PBXFileReference; lastKnownFileType = sourcecode.swift; path = DrawerMenu.swift; sourceTree = "<group>"; };
		EDCE31AA2108502C00DE0957 /* ToastView.swift */ = {isa = PBXFileReference; fileEncoding = 4; lastKnownFileType = sourcecode.swift; path = ToastView.swift; sourceTree = "<group>"; };
		EDCE31AE2108621300DE0957 /* DrawerMenuCell.swift */ = {isa = PBXFileReference; lastKnownFileType = sourcecode.swift; path = DrawerMenuCell.swift; sourceTree = "<group>"; };
		EDCE31B0210863C800DE0957 /* MenuItemVM.swift */ = {isa = PBXFileReference; lastKnownFileType = sourcecode.swift; path = MenuItemVM.swift; sourceTree = "<group>"; };
		EDCE31B421087E8600DE0957 /* GridMenuVC.swift */ = {isa = PBXFileReference; lastKnownFileType = sourcecode.swift; path = GridMenuVC.swift; sourceTree = "<group>"; };
		EDCE31B72108806100DE0957 /* GridMenuCell.swift */ = {isa = PBXFileReference; lastKnownFileType = sourcecode.swift; path = GridMenuCell.swift; sourceTree = "<group>"; };
		EDCEE55121071D8B001EE0FF /* JVFloatingDrawerAnimation.h */ = {isa = PBXFileReference; fileEncoding = 4; lastKnownFileType = sourcecode.c.h; path = JVFloatingDrawerAnimation.h; sourceTree = "<group>"; };
		EDCEE55221071D8B001EE0FF /* JVFloatingDrawerSpringAnimator.h */ = {isa = PBXFileReference; fileEncoding = 4; lastKnownFileType = sourcecode.c.h; path = JVFloatingDrawerSpringAnimator.h; sourceTree = "<group>"; };
		EDCEE55321071D8B001EE0FF /* JVFloatingDrawerSpringAnimator.m */ = {isa = PBXFileReference; fileEncoding = 4; lastKnownFileType = sourcecode.c.objc; path = JVFloatingDrawerSpringAnimator.m; sourceTree = "<group>"; };
		EDCEE55421071D8B001EE0FF /* JVFloatingDrawerView.h */ = {isa = PBXFileReference; fileEncoding = 4; lastKnownFileType = sourcecode.c.h; path = JVFloatingDrawerView.h; sourceTree = "<group>"; };
		EDCEE55521071D8B001EE0FF /* JVFloatingDrawerView.m */ = {isa = PBXFileReference; fileEncoding = 4; lastKnownFileType = sourcecode.c.objc; path = JVFloatingDrawerView.m; sourceTree = "<group>"; };
		EDCEE55621071D8B001EE0FF /* JVFloatingDrawerViewController.h */ = {isa = PBXFileReference; fileEncoding = 4; lastKnownFileType = sourcecode.c.h; path = JVFloatingDrawerViewController.h; sourceTree = "<group>"; };
		EDCEE55721071D8B001EE0FF /* JVFloatingDrawerViewController.m */ = {isa = PBXFileReference; fileEncoding = 4; lastKnownFileType = sourcecode.c.objc; path = JVFloatingDrawerViewController.m; sourceTree = "<group>"; };
		EDCEE55B21071EB3001EE0FF /* Menu.swift */ = {isa = PBXFileReference; lastKnownFileType = sourcecode.swift; path = Menu.swift; sourceTree = "<group>"; };
		FA09F6A822C9A2AA003FB213 /* BaseAlertController.swift */ = {isa = PBXFileReference; fileEncoding = 4; lastKnownFileType = sourcecode.swift; path = BaseAlertController.swift; sourceTree = "<group>"; };
		FA09F6AB22C9A2FB003FB213 /* BasePopUpView.xib */ = {isa = PBXFileReference; fileEncoding = 4; lastKnownFileType = file.xib; path = BasePopUpView.xib; sourceTree = "<group>"; };
		FA29D1E623167D3B007E5F49 /* iOStarterTests.xctest */ = {isa = PBXFileReference; explicitFileType = wrapper.cfbundle; includeInIndex = 0; path = iOStarterTests.xctest; sourceTree = BUILT_PRODUCTS_DIR; };
		FA29D1E823167D3C007E5F49 /* ApplicationTests.swift */ = {isa = PBXFileReference; lastKnownFileType = sourcecode.swift; path = ApplicationTests.swift; sourceTree = "<group>"; };
		FA29D1EA23167D3C007E5F49 /* Info.plist */ = {isa = PBXFileReference; lastKnownFileType = text.plist.xml; path = Info.plist; sourceTree = "<group>"; };
		FA3AD5402318BF6B000B17C6 /* NavigationBar.swift */ = {isa = PBXFileReference; lastKnownFileType = sourcecode.swift; path = NavigationBar.swift; sourceTree = "<group>"; };
		FA3AD5422318C752000B17C6 /* NavigationItem.swift */ = {isa = PBXFileReference; lastKnownFileType = sourcecode.swift; path = NavigationItem.swift; sourceTree = "<group>"; };
		FA539223239B5725005CA83E /* ExampleListVC.swift */ = {isa = PBXFileReference; lastKnownFileType = sourcecode.swift; path = ExampleListVC.swift; sourceTree = "<group>"; };
		FA539226239B5761005CA83E /* ExampleListVM.swift */ = {isa = PBXFileReference; lastKnownFileType = sourcecode.swift; path = ExampleListVM.swift; sourceTree = "<group>"; };
		FA539228239B5A01005CA83E /* ExampleItemVM.swift */ = {isa = PBXFileReference; lastKnownFileType = sourcecode.swift; path = ExampleItemVM.swift; sourceTree = "<group>"; };
		FA53922B239B69F8005CA83E /* ExampleCell.swift */ = {isa = PBXFileReference; lastKnownFileType = sourcecode.swift; path = ExampleCell.swift; sourceTree = "<group>"; };
		FA77E2592320B3C100AE6676 /* ApiHelper.swift */ = {isa = PBXFileReference; fileEncoding = 4; lastKnownFileType = sourcecode.swift; path = ApiHelper.swift; sourceTree = "<group>"; };
		FA78DAA7239E0D7F005EF2C0 /* CollectionViewController.swift */ = {isa = PBXFileReference; lastKnownFileType = sourcecode.swift; path = CollectionViewController.swift; sourceTree = "<group>"; };
		FA78DAAD239E23EB005EF2C0 /* ExampleDetailVC.swift */ = {isa = PBXFileReference; lastKnownFileType = sourcecode.swift; path = ExampleDetailVC.swift; sourceTree = "<group>"; };
		FA78DAB6239E273A005EF2C0 /* Base */ = {isa = PBXFileReference; lastKnownFileType = file.storyboard; name = Base; path = Base.lproj/Example.storyboard; sourceTree = "<group>"; };
		FA78DAB9239E273D005EF2C0 /* id */ = {isa = PBXFileReference; lastKnownFileType = text.plist.strings; name = id; path = id.lproj/Example.strings; sourceTree = "<group>"; };
		FA96A1DF2320AC0F000B9228 /* APIClient.swift */ = {isa = PBXFileReference; lastKnownFileType = sourcecode.swift; path = APIClient.swift; sourceTree = "<group>"; };
		FAA2BF15228A6EE400688422 /* TableViewController.swift */ = {isa = PBXFileReference; lastKnownFileType = sourcecode.swift; path = TableViewController.swift; sourceTree = "<group>"; };
		FAA686C1231CEDD100C629CE /* KWWebView.swift */ = {isa = PBXFileReference; lastKnownFileType = sourcecode.swift; path = KWWebView.swift; sourceTree = "<group>"; };
		FAA8277E228D0DE400B91749 /* en */ = {isa = PBXFileReference; lastKnownFileType = text.plist.strings; name = en; path = en.lproj/Localizable.strings; sourceTree = "<group>"; };
		FAA8278E228D1C0200B91749 /* PluralAppStrings.swift */ = {isa = PBXFileReference; fileEncoding = 4; lastKnownFileType = sourcecode.swift; path = PluralAppStrings.swift; sourceTree = "<group>"; };
		FAA8279B228D2B1C00B91749 /* id */ = {isa = PBXFileReference; lastKnownFileType = text.plist.strings; name = id; path = id.lproj/Localizable.strings; sourceTree = "<group>"; };
		FAA8279E228D2BE500B91749 /* AppStrings.swift */ = {isa = PBXFileReference; fileEncoding = 4; lastKnownFileType = sourcecode.swift; path = AppStrings.swift; sourceTree = "<group>"; };
		FAA827A5228D2FF000B91749 /* en */ = {isa = PBXFileReference; lastKnownFileType = text.plist.stringsdict; name = en; path = en.lproj/PluralLocalizable.stringsdict; sourceTree = "<group>"; };
		FAA827A7228D301100B91749 /* id */ = {isa = PBXFileReference; lastKnownFileType = text.plist.stringsdict; name = id; path = id.lproj/PluralLocalizable.stringsdict; sourceTree = "<group>"; };
		FAA827A8228D351200B91749 /* LocalizeHelper.swift */ = {isa = PBXFileReference; lastKnownFileType = sourcecode.swift; path = LocalizeHelper.swift; sourceTree = "<group>"; };
/* End PBXFileReference section */

/* Begin PBXFrameworksBuildPhase section */
		ED836FB620F6E18100CFC549 /* Frameworks */ = {
			isa = PBXFrameworksBuildPhase;
			buildActionMask = 2147483647;
			files = (
				32B1F0FE7DB3926007B26BD8 /* Pods_iOStarter.framework in Frameworks */,
			);
			runOnlyForDeploymentPostprocessing = 0;
		};
		FA29D1E323167D3B007E5F49 /* Frameworks */ = {
			isa = PBXFrameworksBuildPhase;
			buildActionMask = 2147483647;
			files = (
				5CE23300EA6587C5A41029A0 /* libPods-iOStarterTests.a in Frameworks */,
			);
			runOnlyForDeploymentPostprocessing = 0;
		};
/* End PBXFrameworksBuildPhase section */

/* Begin PBXGroup section */
		A71F2362EF684F83E2DFC61D /* Pods */ = {
			isa = PBXGroup;
			children = (
				418DF91B5980E661D64A40FD /* Pods-iOS_Starter.debug.xcconfig */,
				A2FAA04184147F7E3C117360 /* Pods-iOS_Starter.release.xcconfig */,
				E3D78B72A52821CBA95C65B3 /* Pods-iOS_StarterUITests.debug.xcconfig */,
				EB9FAECF6DADBD872C670046 /* Pods-iOS_StarterUITests.release.xcconfig */,
				0BF64603E138404EBD441E21 /* Pods-iOS_StarterTests.debug.xcconfig */,
				1A333F2B9FD6646F49D93A85 /* Pods-iOS_StarterTests.release.xcconfig */,
				C3AE795366AA293C92B6BE79 /* Pods-iOStarter.debug.xcconfig */,
				5F25438CD834046E473FDD50 /* Pods-iOStarter.release.xcconfig */,
				AE8A69E1415DDBE14E02B7C9 /* Pods-iOStarterTests.debug.xcconfig */,
				5394ACBD3E2D05C8BDB41F9F /* Pods-iOStarterTests.release.xcconfig */,
			);
			name = Pods;
			sourceTree = "<group>";
		};
		ED2E698F2109AB390086385A /* ErrorView */ = {
			isa = PBXGroup;
			children = (
				ED2E69902109AB760086385A /* ErrorView.swift */,
				ED2E69912109AB760086385A /* ErrorView.xib */,
			);
			path = ErrorView;
			sourceTree = "<group>";
		};
		ED3978E021030AD600FA6BDF /* View */ = {
			isa = PBXGroup;
			children = (
				ED2E698F2109AB390086385A /* ErrorView */,
				ED3978E121030BCF00FA6BDF /* LoadIndicatorView */,
				FA09F6AA22C9A2D8003FB213 /* PopAlert */,
				EDB8C908211C163B0003AF4A /* ImagePagerView.swift */,
			);
			path = View;
			sourceTree = "<group>";
		};
		ED3978E121030BCF00FA6BDF /* LoadIndicatorView */ = {
			isa = PBXGroup;
			children = (
				ED3978E221030BDF00FA6BDF /* LoadIndicatorView.swift */,
				ED3978E321030BDF00FA6BDF /* LoadIndicatorView.xib */,
			);
			path = LoadIndicatorView;
			sourceTree = "<group>";
		};
		ED3978E62103135C00FA6BDF /* CAlertView */ = {
			isa = PBXGroup;
			children = (
				ED3978E72103141800FA6BDF /* CAlertView.swift */,
				ED3978E82103141800FA6BDF /* CAlertView.xib */,
			);
			path = CAlertView;
			sourceTree = "<group>";
		};
		ED49392D21096D440064C50C /* TabBarMenu */ = {
			isa = PBXGroup;
			children = (
				ED49392E21096E650064C50C /* TabBarMenuVC.swift */,
			);
			path = TabBarMenu;
			sourceTree = "<group>";
		};
		ED836FB020F6E18000CFC549 = {
			isa = PBXGroup;
			children = (
				ED836FEA20F6F5B400CFC549 /* swiftgen.yml */,
				ED69DB4D21438A7A001273FB /* readme.md */,
				ED836FBB20F6E18100CFC549 /* Application */,
				FA29D1E723167D3C007E5F49 /* ApplicationTests */,
				ED836FBA20F6E18100CFC549 /* Products */,
				A71F2362EF684F83E2DFC61D /* Pods */,
				F81EBD5F822151E6BCBF0AD6 /* Frameworks */,
			);
			sourceTree = "<group>";
		};
		ED836FBA20F6E18100CFC549 /* Products */ = {
			isa = PBXGroup;
			children = (
				ED836FB920F6E18100CFC549 /* iOStarter.app */,
				FA29D1E623167D3B007E5F49 /* iOStarterTests.xctest */,
			);
			name = Products;
			sourceTree = "<group>";
		};
		ED836FBB20F6E18100CFC549 /* Application */ = {
			isa = PBXGroup;
			children = (
				ED836FEC20F6F5C100CFC549 /* Constants */,
				ED836FDC20F6E32C00CFC549 /* Resource */,
				ED836FE020F6F4AE00CFC549 /* Utilities */,
				FA3AD53F2318BF3D000B17C6 /* Components */,
				ED83702720F70CCB00CFC549 /* Model */,
				FACD939E22310DC0004D6251 /* ViewModel */,
				EDCE31AD210861CD00DE0957 /* Cell */,
				ED836FDF20F6E3E200CFC549 /* Controller */,
				ED3978E021030AD600FA6BDF /* View */,
				ED836FDD20F6E3A400CFC549 /* Storyboard */,
				ED836FDE20F6E3BA00CFC549 /* Supporting Files */,
			);
			path = Application;
			sourceTree = "<group>";
		};
		ED836FDC20F6E32C00CFC549 /* Resource */ = {
			isa = PBXGroup;
			children = (
				ED836FF820F6F5DA00CFC549 /* font */,
				ED836FF720F6F5DA00CFC549 /* colors.json */,
				ED836FC320F6E18100CFC549 /* Assets.xcassets */,
			);
			path = Resource;
			sourceTree = "<group>";
		};
		ED836FDD20F6E3A400CFC549 /* Storyboard */ = {
			isa = PBXGroup;
			children = (
				ED836FC020F6E18100CFC549 /* Main.storyboard */,
				ED836FC520F6E18100CFC549 /* LaunchScreen.storyboard */,
				ED83701B20F709A900CFC549 /* Auth.storyboard */,
				EDB7C3B0210C0C1C00E8C887 /* Profile.storyboard */,
				FA78DAB7239E273A005EF2C0 /* Example.storyboard */,
			);
			path = Storyboard;
			sourceTree = "<group>";
		};
		ED836FDE20F6E3BA00CFC549 /* Supporting Files */ = {
			isa = PBXGroup;
			children = (
				FAA827A0228D2FA600B91749 /* Localizable */,
				ED836FBC20F6E18100CFC549 /* AppDelegate.swift */,
				ED83702A20F70D4D00CFC549 /* UserSession.swift */,
				EDB7C3B8210C237400E8C887 /* Config.swift */,
				ED836FC820F6E18100CFC549 /* Info.plist */,
				ED83701F20F70A3500CFC549 /* Project-Bridging-Header.h */,
			);
			path = "Supporting Files";
			sourceTree = "<group>";
		};
		ED836FDF20F6E3E200CFC549 /* Controller */ = {
			isa = PBXGroup;
			children = (
				FAA2BF14228A6EBD00688422 /* Base */,
				ED83700F20F7094000CFC549 /* Auth */,
				EDCE31A4210829D300DE0957 /* Menu */,
				FA539222239B56F0005CA83E /* Example */,
				EDB7C3A9210C0B5B00E8C887 /* Profile */,
			);
			path = Controller;
			sourceTree = "<group>";
		};
		ED836FE020F6F4AE00CFC549 /* Utilities */ = {
			isa = PBXGroup;
			children = (
				ED83702020F70A6D00CFC549 /* Library */,
				ED83702220F70A9800CFC549 /* Extension */,
				ED83702120F70A8A00CFC549 /* Helper */,
			);
			path = Utilities;
			sourceTree = "<group>";
		};
		ED836FE320F6F4AE00CFC549 /* FloaticonField */ = {
			isa = PBXGroup;
			children = (
				ED836FE420F6F4AE00CFC549 /* FloaticonField.swift */,
				ED836FE520F6F4AE00CFC549 /* TextFieldEffects.swift */,
			);
			path = FloaticonField;
			sourceTree = "<group>";
		};
		ED836FEC20F6F5C100CFC549 /* Constants */ = {
			isa = PBXGroup;
			children = (
				ED83700620F708D600CFC549 /* AppAssets.swift */,
				ED83700520F708D600CFC549 /* AppColor.swift */,
				ED83700720F708D700CFC549 /* AppFont.swift */,
				ED83700920F708D700CFC549 /* AppStoryboard.swift */,
				FAA8279E228D2BE500B91749 /* AppStrings.swift */,
				ED83700820F708D700CFC549 /* ErrorConstant.swift */,
			);
			path = Constants;
			sourceTree = "<group>";
		};
		ED836FF820F6F5DA00CFC549 /* font */ = {
			isa = PBXGroup;
			children = (
				ED836FF920F6F5DA00CFC549 /* Proxima Nova Black.otf */,
				ED836FFA20F6F5DA00CFC549 /* Proxima Nova Bold.otf */,
				ED836FFB20F6F5DA00CFC549 /* Proxima Nova Extrabold.otf */,
				ED836FFC20F6F5DA00CFC549 /* Proxima Nova Thin.otf */,
				ED836FFD20F6F5DA00CFC549 /* ProximaNova-Regular.otf */,
			);
			path = font;
			sourceTree = "<group>";
		};
		ED83700F20F7094000CFC549 /* Auth */ = {
			isa = PBXGroup;
			children = (
				ED83701120F7094000CFC549 /* LoginVC.swift */,
				ED3978DC2103044100FA6BDF /* RegisterVC.swift */,
				ED83701020F7094000CFC549 /* ForgotPassVC.swift */,
			);
			path = Auth;
			sourceTree = "<group>";
		};
		ED83701E20F70A0A00CFC549 /* DrawerMenu */ = {
			isa = PBXGroup;
			children = (
				EDCE31A821082CB100DE0957 /* DrawerMenu.swift */,
				EDCE31A2210828A100DE0957 /* DrawerMenuVC.swift */,
			);
			path = DrawerMenu;
			sourceTree = "<group>";
		};
		ED83702020F70A6D00CFC549 /* Library */ = {
			isa = PBXGroup;
			children = (
				EDCEE55021071D8B001EE0FF /* JVFloatingDrawer */,
				ED83702E20F7121100CFC549 /* Notify */,
				ED836FE320F6F4AE00CFC549 /* FloaticonField */,
				EDCE31AA2108502C00DE0957 /* ToastView.swift */,
				FA96A1DF2320AC0F000B9228 /* APIClient.swift */,
				ED2A4337212A5E3A00F0379E /* CheckBox.swift */,
				ED2A4339212A5E4800F0379E /* PickerField.swift */,
			);
			path = Library;
			sourceTree = "<group>";
		};
		ED83702120F70A8A00CFC549 /* Helper */ = {
			isa = PBXGroup;
			children = (
				FA77E2592320B3C100AE6676 /* ApiHelper.swift */,
				ED83702320F70AC400CFC549 /* DatabaseHelper.swift */,
				ED83702C20F70E5700CFC549 /* NotificationHelper.swift */,
				ED2A4335212A5E2F00F0379E /* DownloadFileHelper.swift */,
				ED19EAB321213B8400C82E8F /* LocationHelper.swift */,
			);
			path = Helper;
			sourceTree = "<group>";
		};
		ED83702220F70A9800CFC549 /* Extension */ = {
			isa = PBXGroup;
			children = (
				E27D9C3223DFEE8B00C0C129 /* ExtBool.swift */,
				E27D9C3623DFEE8B00C0C129 /* ExtCAGradientLayer.swift */,
				E27D9C2F23DFEE8A00C0C129 /* ExtDate.swift */,
				E27D9C2E23DFEE8A00C0C129 /* ExtInt.swift */,
				E27D9C3323DFEE8B00C0C129 /* ExtString.swift */,
				E27D9C3123DFEE8A00C0C129 /* ExtUIApplication.swift */,
				E27D9C2C23DFEE8A00C0C129 /* ExtUIImage.swift */,
				E27D9C3423DFEE8B00C0C129 /* ExtUINavigationController.swift */,
				E27D9C3023DFEE8A00C0C129 /* ExtUITextField.swift */,
				E27D9C2D23DFEE8A00C0C129 /* ExtUIView.swift */,
				E27D9C3523DFEE8B00C0C129 /* ExtUIViewController.swift */,
				ED83702520F70AE000CFC549 /* ExtUIColor.swift */,
			);
			path = Extension;
			sourceTree = "<group>";
		};
		ED83702720F70CCB00CFC549 /* Model */ = {
			isa = PBXGroup;
			children = (
				ED83702820F70CD800CFC549 /* Profile.swift */,
				EDCEE55B21071EB3001EE0FF /* Menu.swift */,
				ED2E698D2109788B0086385A /* ExampleModel.swift */,
			);
			path = Model;
			sourceTree = "<group>";
		};
		ED83702E20F7121100CFC549 /* Notify */ = {
			isa = PBXGroup;
			children = (
				ED83702F20F7121100CFC549 /* Notify.swift */,
				ED83703020F7121100CFC549 /* KeyboardManager.swift */,
			);
			path = Notify;
			sourceTree = "<group>";
		};
		EDB7C3A9210C0B5B00E8C887 /* Profile */ = {
			isa = PBXGroup;
			children = (
				EDB7C3AA210C0B7F00E8C887 /* ProfileVC.swift */,
				EDB7C3B1210C148100E8C887 /* EditProfileVC.swift */,
				EDB7C3B3210C15FA00E8C887 /* EditPassVC.swift */,
			);
			path = Profile;
			sourceTree = "<group>";
		};
		EDCE31A4210829D300DE0957 /* Menu */ = {
			isa = PBXGroup;
			children = (
				ED83701E20F70A0A00CFC549 /* DrawerMenu */,
				EDCE31B321087E0600DE0957 /* GridMenu */,
				ED49392D21096D440064C50C /* TabBarMenu */,
			);
			path = Menu;
			sourceTree = "<group>";
		};
		EDCE31AD210861CD00DE0957 /* Cell */ = {
			isa = PBXGroup;
			children = (
				FACD93A122310DFF004D6251 /* DrawerMenu */,
				FACD93A222310E17004D6251 /* GridMenu */,
				FA53922A239B69D8005CA83E /* Example */,
			);
			path = Cell;
			sourceTree = "<group>";
		};
		EDCE31B321087E0600DE0957 /* GridMenu */ = {
			isa = PBXGroup;
			children = (
				EDCE31B421087E8600DE0957 /* GridMenuVC.swift */,
			);
			path = GridMenu;
			sourceTree = "<group>";
		};
		EDCEE55021071D8B001EE0FF /* JVFloatingDrawer */ = {
			isa = PBXGroup;
			children = (
				EDCEE55121071D8B001EE0FF /* JVFloatingDrawerAnimation.h */,
				EDCEE55221071D8B001EE0FF /* JVFloatingDrawerSpringAnimator.h */,
				EDCEE55321071D8B001EE0FF /* JVFloatingDrawerSpringAnimator.m */,
				EDCEE55421071D8B001EE0FF /* JVFloatingDrawerView.h */,
				EDCEE55521071D8B001EE0FF /* JVFloatingDrawerView.m */,
				EDCEE55621071D8B001EE0FF /* JVFloatingDrawerViewController.h */,
				EDCEE55721071D8B001EE0FF /* JVFloatingDrawerViewController.m */,
			);
			path = JVFloatingDrawer;
			sourceTree = "<group>";
		};
		F81EBD5F822151E6BCBF0AD6 /* Frameworks */ = {
			isa = PBXGroup;
			children = (
				DEE443046AD25907E36F53E4 /* Pods_iOStarter.framework */,
				DA1B4A9F301D3F2405CC3A2A /* libPods-iOStarterTests.a */,
			);
			name = Frameworks;
			sourceTree = "<group>";
		};
		FA09F6AA22C9A2D8003FB213 /* PopAlert */ = {
			isa = PBXGroup;
			children = (
				ED3978E62103135C00FA6BDF /* CAlertView */,
				FA09F6AB22C9A2FB003FB213 /* BasePopUpView.xib */,
			);
			path = PopAlert;
			sourceTree = "<group>";
		};
		FA29D1E723167D3C007E5F49 /* ApplicationTests */ = {
			isa = PBXGroup;
			children = (
				FA29D1E823167D3C007E5F49 /* ApplicationTests.swift */,
				FA29D1EA23167D3C007E5F49 /* Info.plist */,
			);
			path = ApplicationTests;
			sourceTree = "<group>";
		};
		FA3AD53F2318BF3D000B17C6 /* Components */ = {
			isa = PBXGroup;
			children = (
				FA3AD5402318BF6B000B17C6 /* NavigationBar.swift */,
				FA3AD5422318C752000B17C6 /* NavigationItem.swift */,
				FAA686C1231CEDD100C629CE /* KWWebView.swift */,
			);
			path = Components;
			sourceTree = "<group>";
		};
		FA539222239B56F0005CA83E /* Example */ = {
			isa = PBXGroup;
			children = (
				FA539223239B5725005CA83E /* ExampleListVC.swift */,
				FA78DAAD239E23EB005EF2C0 /* ExampleDetailVC.swift */,
			);
			path = Example;
			sourceTree = "<group>";
		};
		FA539225239B574F005CA83E /* Example */ = {
			isa = PBXGroup;
			children = (
				FA539226239B5761005CA83E /* ExampleListVM.swift */,
				FA539228239B5A01005CA83E /* ExampleItemVM.swift */,
			);
			path = Example;
			sourceTree = "<group>";
		};
		FA53922A239B69D8005CA83E /* Example */ = {
			isa = PBXGroup;
			children = (
				FA53922B239B69F8005CA83E /* ExampleCell.swift */,
			);
			path = Example;
			sourceTree = "<group>";
		};
		FAA2BF14228A6EBD00688422 /* Base */ = {
			isa = PBXGroup;
			children = (
				ED49392B210882360064C50C /* ViewController.swift */,
				FAA2BF15228A6EE400688422 /* TableViewController.swift */,
				FA78DAA7239E0D7F005EF2C0 /* CollectionViewController.swift */,
				FA09F6A822C9A2AA003FB213 /* BaseAlertController.swift */,
			);
			path = Base;
			sourceTree = "<group>";
		};
		FAA827A0228D2FA600B91749 /* Localizable */ = {
			isa = PBXGroup;
			children = (
				FAA8277D228D0DDB00B91749 /* Localizable.strings */,
				FAA827A4228D2FF000B91749 /* PluralLocalizable.stringsdict */,
				FAA8278E228D1C0200B91749 /* PluralAppStrings.swift */,
				FAA827A8228D351200B91749 /* LocalizeHelper.swift */,
			);
			path = Localizable;
			sourceTree = "<group>";
		};
		FACD939E22310DC0004D6251 /* ViewModel */ = {
			isa = PBXGroup;
			children = (
				FACD93A022310DE5004D6251 /* Menu */,
				FACD939F22310DD3004D6251 /* Auth */,
				FACD93A622310E9C004D6251 /* Profile */,
				FA539225239B574F005CA83E /* Example */,
			);
			path = ViewModel;
			sourceTree = "<group>";
		};
		FACD939F22310DD3004D6251 /* Auth */ = {
			isa = PBXGroup;
			children = (
				ED83701420F7094000CFC549 /* LoginVM.swift */,
				ED3978DE2103047C00FA6BDF /* RegisterVM.swift */,
				ED83701320F7094000CFC549 /* ForgotPassVM.swift */,
			);
			path = Auth;
			sourceTree = "<group>";
		};
		FACD93A022310DE5004D6251 /* Menu */ = {
			isa = PBXGroup;
			children = (
				EDCE31A621082A2000DE0957 /* MenuVM.swift */,
				EDCE31B0210863C800DE0957 /* MenuItemVM.swift */,
			);
			path = Menu;
			sourceTree = "<group>";
		};
		FACD93A122310DFF004D6251 /* DrawerMenu */ = {
			isa = PBXGroup;
			children = (
				EDCE31AE2108621300DE0957 /* DrawerMenuCell.swift */,
			);
			path = DrawerMenu;
			sourceTree = "<group>";
		};
		FACD93A222310E17004D6251 /* GridMenu */ = {
			isa = PBXGroup;
			children = (
				EDCE31B72108806100DE0957 /* GridMenuCell.swift */,
			);
			path = GridMenu;
			sourceTree = "<group>";
		};
		FACD93A622310E9C004D6251 /* Profile */ = {
			isa = PBXGroup;
			children = (
				EDB7C3B6210C165100E8C887 /* ProfileVM.swift */,
			);
			path = Profile;
			sourceTree = "<group>";
		};
/* End PBXGroup section */

/* Begin PBXNativeTarget section */
		ED836FB820F6E18100CFC549 /* iOStarter */ = {
			isa = PBXNativeTarget;
			buildConfigurationList = ED836FD620F6E18100CFC549 /* Build configuration list for PBXNativeTarget "iOStarter" */;
			buildPhases = (
				2D87343FF1A9E1CCE9D662B5 /* [CP] Check Pods Manifest.lock */,
				ED836FB520F6E18100CFC549 /* Sources */,
				ED836FB620F6E18100CFC549 /* Frameworks */,
				ED836FB720F6E18100CFC549 /* Resources */,
				5F68A75DAE662CF2756EB85E /* [CP] Embed Pods Frameworks */,
				ED83700420F6F62000CFC549 /* SwiftGen */,
				FA86480B21DDC68900407363 /* Crashlytics */,
			);
			buildRules = (
			);
			dependencies = (
			);
			name = iOStarter;
			productName = iOS_Starter;
			productReference = ED836FB920F6E18100CFC549 /* iOStarter.app */;
			productType = "com.apple.product-type.application";
		};
		FA29D1E523167D3B007E5F49 /* iOStarterTests */ = {
			isa = PBXNativeTarget;
			buildConfigurationList = FA29D1ED23167D3C007E5F49 /* Build configuration list for PBXNativeTarget "iOStarterTests" */;
			buildPhases = (
				3256D2202DAFB27FD3C7E78B /* [CP] Check Pods Manifest.lock */,
				FA29D1E223167D3B007E5F49 /* Sources */,
				FA29D1E323167D3B007E5F49 /* Frameworks */,
				FA29D1E423167D3B007E5F49 /* Resources */,
				8B18E5B243262B25C4F362B1 /* [CP] Copy Pods Resources */,
			);
			buildRules = (
			);
			dependencies = (
				FA29D1EC23167D3C007E5F49 /* PBXTargetDependency */,
			);
			name = iOStarterTests;
			productName = iOS_StarterUITests;
			productReference = FA29D1E623167D3B007E5F49 /* iOStarterTests.xctest */;
			productType = "com.apple.product-type.bundle.ui-testing";
		};
/* End PBXNativeTarget section */

/* Begin PBXProject section */
		ED836FB120F6E18000CFC549 /* Project object */ = {
			isa = PBXProject;
			attributes = {
				LastSwiftUpdateCheck = 1020;
				LastUpgradeCheck = 1020;
				ORGANIZATIONNAME = "Crocodic Studio";
				TargetAttributes = {
					ED836FB820F6E18100CFC549 = {
						CreatedOnToolsVersion = 9.2;
						LastSwiftMigration = 1020;
						ProvisioningStyle = Automatic;
						SystemCapabilities = {
							com.apple.BackgroundModes = {
								enabled = 0;
							};
							com.apple.Push = {
								enabled = 0;
							};
						};
					};
					FA29D1E523167D3B007E5F49 = {
						CreatedOnToolsVersion = 10.2.1;
						ProvisioningStyle = Automatic;
						TestTargetID = ED836FB820F6E18100CFC549;
					};
				};
			};
			buildConfigurationList = ED836FB420F6E18000CFC549 /* Build configuration list for PBXProject "iOStarter" */;
			compatibilityVersion = "Xcode 8.0";
			developmentRegion = en;
			hasScannedForEncodings = 0;
			knownRegions = (
				en,
				Base,
				id,
			);
			mainGroup = ED836FB020F6E18000CFC549;
			productRefGroup = ED836FBA20F6E18100CFC549 /* Products */;
			projectDirPath = "";
			projectRoot = "";
			targets = (
				ED836FB820F6E18100CFC549 /* iOStarter */,
				FA29D1E523167D3B007E5F49 /* iOStarterTests */,
			);
		};
/* End PBXProject section */

/* Begin PBXResourcesBuildPhase section */
		ED836FB720F6E18100CFC549 /* Resources */ = {
			isa = PBXResourcesBuildPhase;
			buildActionMask = 2147483647;
			files = (
				ED836FC720F6E18100CFC549 /* LaunchScreen.storyboard in Resources */,
				ED83700320F6F5DA00CFC549 /* ProximaNova-Regular.otf in Resources */,
				ED836FFE20F6F5DA00CFC549 /* colors.json in Resources */,
				ED83700120F6F5DA00CFC549 /* Proxima Nova Extrabold.otf in Resources */,
				ED836FFF20F6F5DA00CFC549 /* Proxima Nova Black.otf in Resources */,
				ED83700220F6F5DA00CFC549 /* Proxima Nova Thin.otf in Resources */,
				ED69DB4E21438A7B001273FB /* readme.md in Resources */,
				FA09F6AC22C9A2FB003FB213 /* BasePopUpView.xib in Resources */,
				ED3978E521030BDF00FA6BDF /* LoadIndicatorView.xib in Resources */,
				ED83701D20F709A900CFC549 /* Auth.storyboard in Resources */,
				ED2E69932109AB760086385A /* ErrorView.xib in Resources */,
				EDB7C3AE210C0C1C00E8C887 /* Profile.storyboard in Resources */,
				FAA827A6228D2FF000B91749 /* PluralLocalizable.stringsdict in Resources */,
				FA78DAB5239E273A005EF2C0 /* Example.storyboard in Resources */,
				ED83700020F6F5DA00CFC549 /* Proxima Nova Bold.otf in Resources */,
				ED836FC420F6E18100CFC549 /* Assets.xcassets in Resources */,
				ED836FC220F6E18100CFC549 /* Main.storyboard in Resources */,
				FAA82799228D2B1300B91749 /* Localizable.strings in Resources */,
				ED3978EA2103141800FA6BDF /* CAlertView.xib in Resources */,
				ED836FEB20F6F5B400CFC549 /* swiftgen.yml in Resources */,
			);
			runOnlyForDeploymentPostprocessing = 0;
		};
		FA29D1E423167D3B007E5F49 /* Resources */ = {
			isa = PBXResourcesBuildPhase;
			buildActionMask = 2147483647;
			files = (
			);
			runOnlyForDeploymentPostprocessing = 0;
		};
/* End PBXResourcesBuildPhase section */

/* Begin PBXShellScriptBuildPhase section */
		2D87343FF1A9E1CCE9D662B5 /* [CP] Check Pods Manifest.lock */ = {
			isa = PBXShellScriptBuildPhase;
			buildActionMask = 2147483647;
			files = (
			);
			inputPaths = (
				"${PODS_PODFILE_DIR_PATH}/Podfile.lock",
				"${PODS_ROOT}/Manifest.lock",
			);
			name = "[CP] Check Pods Manifest.lock";
			outputPaths = (
				"$(DERIVED_FILE_DIR)/Pods-iOStarter-checkManifestLockResult.txt",
			);
			runOnlyForDeploymentPostprocessing = 0;
			shellPath = /bin/sh;
			shellScript = "diff \"${PODS_PODFILE_DIR_PATH}/Podfile.lock\" \"${PODS_ROOT}/Manifest.lock\" > /dev/null\nif [ $? != 0 ] ; then\n    # print error to STDERR\n    echo \"error: The sandbox is not in sync with the Podfile.lock. Run 'pod install' or update your CocoaPods installation.\" >&2\n    exit 1\nfi\n# This output is used by Xcode 'outputs' to avoid re-running this script phase.\necho \"SUCCESS\" > \"${SCRIPT_OUTPUT_FILE_0}\"\n";
			showEnvVarsInLog = 0;
		};
		3256D2202DAFB27FD3C7E78B /* [CP] Check Pods Manifest.lock */ = {
			isa = PBXShellScriptBuildPhase;
			buildActionMask = 2147483647;
			files = (
			);
			inputFileListPaths = (
			);
			inputPaths = (
				"${PODS_PODFILE_DIR_PATH}/Podfile.lock",
				"${PODS_ROOT}/Manifest.lock",
			);
			name = "[CP] Check Pods Manifest.lock";
			outputFileListPaths = (
			);
			outputPaths = (
				"$(DERIVED_FILE_DIR)/Pods-iOStarterTests-checkManifestLockResult.txt",
			);
			runOnlyForDeploymentPostprocessing = 0;
			shellPath = /bin/sh;
			shellScript = "diff \"${PODS_PODFILE_DIR_PATH}/Podfile.lock\" \"${PODS_ROOT}/Manifest.lock\" > /dev/null\nif [ $? != 0 ] ; then\n    # print error to STDERR\n    echo \"error: The sandbox is not in sync with the Podfile.lock. Run 'pod install' or update your CocoaPods installation.\" >&2\n    exit 1\nfi\n# This output is used by Xcode 'outputs' to avoid re-running this script phase.\necho \"SUCCESS\" > \"${SCRIPT_OUTPUT_FILE_0}\"\n";
			showEnvVarsInLog = 0;
		};
		5F68A75DAE662CF2756EB85E /* [CP] Embed Pods Frameworks */ = {
			isa = PBXShellScriptBuildPhase;
			buildActionMask = 2147483647;
			files = (
			);
			inputPaths = (
				"${PODS_ROOT}/Target Support Files/Pods-iOStarter/Pods-iOStarter-frameworks.sh",
				"${BUILT_PRODUCTS_DIR}/Alamofire-framework/Alamofire.framework",
				"${BUILT_PRODUCTS_DIR}/FSPagerView-framework/FSPagerView.framework",
				"${BUILT_PRODUCTS_DIR}/GoogleUtilities-framework/GoogleUtilities.framework",
				"${BUILT_PRODUCTS_DIR}/IQKeyboardManagerSwift-framework/IQKeyboardManagerSwift.framework",
				"${BUILT_PRODUCTS_DIR}/Kingfisher-framework/Kingfisher.framework",
				"${BUILT_PRODUCTS_DIR}/L10n-swift-framework/L10n_swift.framework",
				"${BUILT_PRODUCTS_DIR}/NVActivityIndicatorView-framework/NVActivityIndicatorView.framework",
				"${BUILT_PRODUCTS_DIR}/Protobuf-framework/Protobuf.framework",
				"${BUILT_PRODUCTS_DIR}/SwiftyJSON-framework/SwiftyJSON.framework",
				"${BUILT_PRODUCTS_DIR}/nanopb-framework/nanopb.framework",
			);
			name = "[CP] Embed Pods Frameworks";
			outputPaths = (
				"${TARGET_BUILD_DIR}/${FRAMEWORKS_FOLDER_PATH}/Alamofire.framework",
				"${TARGET_BUILD_DIR}/${FRAMEWORKS_FOLDER_PATH}/FSPagerView.framework",
				"${TARGET_BUILD_DIR}/${FRAMEWORKS_FOLDER_PATH}/GoogleUtilities.framework",
				"${TARGET_BUILD_DIR}/${FRAMEWORKS_FOLDER_PATH}/IQKeyboardManagerSwift.framework",
				"${TARGET_BUILD_DIR}/${FRAMEWORKS_FOLDER_PATH}/Kingfisher.framework",
				"${TARGET_BUILD_DIR}/${FRAMEWORKS_FOLDER_PATH}/L10n_swift.framework",
				"${TARGET_BUILD_DIR}/${FRAMEWORKS_FOLDER_PATH}/NVActivityIndicatorView.framework",
				"${TARGET_BUILD_DIR}/${FRAMEWORKS_FOLDER_PATH}/Protobuf.framework",
				"${TARGET_BUILD_DIR}/${FRAMEWORKS_FOLDER_PATH}/SwiftyJSON.framework",
				"${TARGET_BUILD_DIR}/${FRAMEWORKS_FOLDER_PATH}/nanopb.framework",
			);
			runOnlyForDeploymentPostprocessing = 0;
			shellPath = /bin/sh;
			shellScript = "\"${PODS_ROOT}/Target Support Files/Pods-iOStarter/Pods-iOStarter-frameworks.sh\"\n";
			showEnvVarsInLog = 0;
		};
		8B18E5B243262B25C4F362B1 /* [CP] Copy Pods Resources */ = {
			isa = PBXShellScriptBuildPhase;
			buildActionMask = 2147483647;
			files = (
			);
			inputPaths = (
				"${PODS_ROOT}/Target Support Files/Pods-iOStarterTests/Pods-iOStarterTests-resources.sh",
				"${PODS_ROOT}/IQKeyboardManagerSwift/IQKeyboardManagerSwift/Resources/IQKeyboardManager.bundle",
			);
			name = "[CP] Copy Pods Resources";
			outputPaths = (
				"${TARGET_BUILD_DIR}/${UNLOCALIZED_RESOURCES_FOLDER_PATH}/IQKeyboardManager.bundle",
			);
			runOnlyForDeploymentPostprocessing = 0;
			shellPath = /bin/sh;
			shellScript = "\"${PODS_ROOT}/Target Support Files/Pods-iOStarterTests/Pods-iOStarterTests-resources.sh\"\n";
			showEnvVarsInLog = 0;
		};
		ED83700420F6F62000CFC549 /* SwiftGen */ = {
			isa = PBXShellScriptBuildPhase;
			buildActionMask = 2147483647;
			files = (
			);
			inputPaths = (
			);
			name = SwiftGen;
			outputPaths = (
			);
			runOnlyForDeploymentPostprocessing = 0;
			shellPath = /bin/sh;
			shellScript = "\"$PODS_ROOT/SwiftGen/bin/swiftgen\"\n";
		};
		FA86480B21DDC68900407363 /* Crashlytics */ = {
			isa = PBXShellScriptBuildPhase;
			buildActionMask = 2147483647;
			files = (
			);
			inputFileListPaths = (
			);
			inputPaths = (
				"$(SRCROOT)/$(BUILT_PRODUCTS_DIR)/$(INFOPLIST_PATH)",
			);
			name = Crashlytics;
			outputFileListPaths = (
			);
			outputPaths = (
			);
			runOnlyForDeploymentPostprocessing = 0;
			shellPath = /bin/sh;
			shellScript = "#\"${PODS_ROOT}/Fabric/run\"\n";
		};
/* End PBXShellScriptBuildPhase section */

/* Begin PBXSourcesBuildPhase section */
		ED836FB520F6E18100CFC549 /* Sources */ = {
			isa = PBXSourcesBuildPhase;
			buildActionMask = 2147483647;
			files = (
				ED19EAB421213B8400C82E8F /* LocationHelper.swift in Sources */,
				EDCE31AB2108502D00DE0957 /* ToastView.swift in Sources */,
				E27D9C4123DFEE8B00C0C129 /* ExtCAGradientLayer.swift in Sources */,
				FAA827A9228D351200B91749 /* LocalizeHelper.swift in Sources */,
				ED49392F21096E650064C50C /* TabBarMenuVC.swift in Sources */,
				ED83703220F7121200CFC549 /* KeyboardManager.swift in Sources */,
				FA3AD5412318BF6B000B17C6 /* NavigationBar.swift in Sources */,
				ED83702620F70AE100CFC549 /* ExtUIColor.swift in Sources */,
				EDCE31A3210828A100DE0957 /* DrawerMenuVC.swift in Sources */,
				E27D9C3D23DFEE8B00C0C129 /* ExtBool.swift in Sources */,
				ED83700C20F708D700CFC549 /* AppFont.swift in Sources */,
				FAA2BF16228A6EE400688422 /* TableViewController.swift in Sources */,
				ED836FE920F6F4AE00CFC549 /* TextFieldEffects.swift in Sources */,
				ED3978DD2103044100FA6BDF /* RegisterVC.swift in Sources */,
				E27D9C3C23DFEE8B00C0C129 /* ExtUIApplication.swift in Sources */,
				ED83702420F70AC400CFC549 /* DatabaseHelper.swift in Sources */,
				EDB7C3B7210C165100E8C887 /* ProfileVM.swift in Sources */,
				FA539224239B5725005CA83E /* ExampleListVC.swift in Sources */,
				EDCE31A921082CB100DE0957 /* DrawerMenu.swift in Sources */,
				FA539229239B5A01005CA83E /* ExampleItemVM.swift in Sources */,
				ED83702D20F70E5700CFC549 /* NotificationHelper.swift in Sources */,
				E27D9C3B23DFEE8B00C0C129 /* ExtUITextField.swift in Sources */,
				FAA8278F228D1C0300B91749 /* PluralAppStrings.swift in Sources */,
				ED83700A20F708D700CFC549 /* AppColor.swift in Sources */,
				FA09F6A922C9A2AA003FB213 /* BaseAlertController.swift in Sources */,
				FAA8279F228D2BE500B91749 /* AppStrings.swift in Sources */,
				ED83703120F7121200CFC549 /* Notify.swift in Sources */,
				ED83702920F70CD800CFC549 /* Profile.swift in Sources */,
				ED83702B20F70D4D00CFC549 /* UserSession.swift in Sources */,
				EDB7C3AB210C0B7F00E8C887 /* ProfileVC.swift in Sources */,
				ED3978E421030BDF00FA6BDF /* LoadIndicatorView.swift in Sources */,
				EDCE31A721082A2000DE0957 /* MenuVM.swift in Sources */,
				ED836FE820F6F4AE00CFC549 /* FloaticonField.swift in Sources */,
				EDB7C3B4210C15FA00E8C887 /* EditPassVC.swift in Sources */,
				ED83701520F7094000CFC549 /* ForgotPassVC.swift in Sources */,
				EDCE31AF2108621300DE0957 /* DrawerMenuCell.swift in Sources */,
				E27D9C3823DFEE8B00C0C129 /* ExtUIView.swift in Sources */,
				FA77E25A2320B3C100AE6676 /* ApiHelper.swift in Sources */,
				ED49392C210882360064C50C /* ViewController.swift in Sources */,
				ED83700D20F708D700CFC549 /* ErrorConstant.swift in Sources */,
				E27D9C3F23DFEE8B00C0C129 /* ExtUINavigationController.swift in Sources */,
				ED3978E92103141800FA6BDF /* CAlertView.swift in Sources */,
				EDCE31B521087E8600DE0957 /* GridMenuVC.swift in Sources */,
				E27D9C4023DFEE8B00C0C129 /* ExtUIViewController.swift in Sources */,
				ED83701820F7094000CFC549 /* LoginVM.swift in Sources */,
				E27D9C3A23DFEE8B00C0C129 /* ExtDate.swift in Sources */,
				ED836FBD20F6E18100CFC549 /* AppDelegate.swift in Sources */,
				E27D9C3E23DFEE8B00C0C129 /* ExtString.swift in Sources */,
				FA78DAA8239E0D7F005EF2C0 /* CollectionViewController.swift in Sources */,
				ED83701620F7094000CFC549 /* LoginVC.swift in Sources */,
				EDCEE55A21071D8B001EE0FF /* JVFloatingDrawerViewController.m in Sources */,
				EDB8C909211C163B0003AF4A /* ImagePagerView.swift in Sources */,
				FA96A1E02320AC0F000B9228 /* APIClient.swift in Sources */,
				ED3978DF2103047C00FA6BDF /* RegisterVM.swift in Sources */,
				ED2E69922109AB760086385A /* ErrorView.swift in Sources */,
				ED83700B20F708D700CFC549 /* AppAssets.swift in Sources */,
				FA539227239B5761005CA83E /* ExampleListVM.swift in Sources */,
				FA3AD5432318C752000B17C6 /* NavigationItem.swift in Sources */,
				EDCEE55C21071EB3001EE0FF /* Menu.swift in Sources */,
				ED2A4338212A5E3A00F0379E /* CheckBox.swift in Sources */,
				EDB7C3B9210C237400E8C887 /* Config.swift in Sources */,
				ED2A4336212A5E2F00F0379E /* DownloadFileHelper.swift in Sources */,
				FA78DAAE239E23EB005EF2C0 /* ExampleDetailVC.swift in Sources */,
				ED83701720F7094000CFC549 /* ForgotPassVM.swift in Sources */,
				EDCEE55921071D8B001EE0FF /* JVFloatingDrawerView.m in Sources */,
				E27D9C3723DFEE8B00C0C129 /* ExtUIImage.swift in Sources */,
				FAA686C2231CEDD100C629CE /* KWWebView.swift in Sources */,
				FA53922C239B69F8005CA83E /* ExampleCell.swift in Sources */,
				ED83700E20F708D700CFC549 /* AppStoryboard.swift in Sources */,
				EDCE31B1210863C800DE0957 /* MenuItemVM.swift in Sources */,
				E27D9C3923DFEE8B00C0C129 /* ExtInt.swift in Sources */,
				ED2A433A212A5E4800F0379E /* PickerField.swift in Sources */,
				EDCE31B82108806100DE0957 /* GridMenuCell.swift in Sources */,
				EDCEE55821071D8B001EE0FF /* JVFloatingDrawerSpringAnimator.m in Sources */,
				EDB7C3B2210C148100E8C887 /* EditProfileVC.swift in Sources */,
				ED2E698E2109788B0086385A /* ExampleModel.swift in Sources */,
			);
			runOnlyForDeploymentPostprocessing = 0;
		};
		FA29D1E223167D3B007E5F49 /* Sources */ = {
			isa = PBXSourcesBuildPhase;
			buildActionMask = 2147483647;
			files = (
				FA29D1F023168368007E5F49 /* LoginVM.swift in Sources */,
				FA2CAF1E2317B39F00507A90 /* LocalizeHelper.swift in Sources */,
				FA29D1F3231683A3007E5F49 /* UserSession.swift in Sources */,
				FA29D1F123168388007E5F49 /* Profile.swift in Sources */,
				FA29D1F223168394007E5F49 /* ErrorConstant.swift in Sources */,
				FA29D1E923167D3C007E5F49 /* ApplicationTests.swift in Sources */,
			);
			runOnlyForDeploymentPostprocessing = 0;
		};
/* End PBXSourcesBuildPhase section */

/* Begin PBXTargetDependency section */
		FA29D1EC23167D3C007E5F49 /* PBXTargetDependency */ = {
			isa = PBXTargetDependency;
			target = ED836FB820F6E18100CFC549 /* iOStarter */;
			targetProxy = FA29D1EB23167D3C007E5F49 /* PBXContainerItemProxy */;
		};
/* End PBXTargetDependency section */

/* Begin PBXVariantGroup section */
		ED836FC020F6E18100CFC549 /* Main.storyboard */ = {
			isa = PBXVariantGroup;
			children = (
				ED836FC120F6E18100CFC549 /* Base */,
				ED19EAC62122D07000C82E8F /* id */,
			);
			name = Main.storyboard;
			sourceTree = "<group>";
		};
		ED836FC520F6E18100CFC549 /* LaunchScreen.storyboard */ = {
			isa = PBXVariantGroup;
			children = (
				ED836FC620F6E18100CFC549 /* Base */,
				ED19EAC72122D07100C82E8F /* id */,
			);
			name = LaunchScreen.storyboard;
			sourceTree = "<group>";
		};
		ED83701B20F709A900CFC549 /* Auth.storyboard */ = {
			isa = PBXVariantGroup;
			children = (
				ED83701C20F709A900CFC549 /* Base */,
				ED19EAC82122D07200C82E8F /* id */,
			);
			name = Auth.storyboard;
			sourceTree = "<group>";
		};
		EDB7C3B0210C0C1C00E8C887 /* Profile.storyboard */ = {
			isa = PBXVariantGroup;
			children = (
				EDB7C3AF210C0C1C00E8C887 /* Base */,
				ED19EACA2122D07400C82E8F /* id */,
			);
			name = Profile.storyboard;
			sourceTree = "<group>";
		};
		FA78DAB7239E273A005EF2C0 /* Example.storyboard */ = {
			isa = PBXVariantGroup;
			children = (
				FA78DAB6239E273A005EF2C0 /* Base */,
				FA78DAB9239E273D005EF2C0 /* id */,
			);
			name = Example.storyboard;
			sourceTree = "<group>";
		};
		FAA8277D228D0DDB00B91749 /* Localizable.strings */ = {
			isa = PBXVariantGroup;
			children = (
				FAA8277E228D0DE400B91749 /* en */,
				FAA8279B228D2B1C00B91749 /* id */,
			);
			name = Localizable.strings;
			sourceTree = "<group>";
		};
		FAA827A4228D2FF000B91749 /* PluralLocalizable.stringsdict */ = {
			isa = PBXVariantGroup;
			children = (
				FAA827A5228D2FF000B91749 /* en */,
				FAA827A7228D301100B91749 /* id */,
			);
			name = PluralLocalizable.stringsdict;
			sourceTree = "<group>";
		};
/* End PBXVariantGroup section */

/* Begin XCBuildConfiguration section */
		ED836FD420F6E18100CFC549 /* Debug */ = {
			isa = XCBuildConfiguration;
			buildSettings = {
				ALWAYS_SEARCH_USER_PATHS = NO;
				CLANG_ANALYZER_LOCALIZABILITY_NONLOCALIZED = YES;
				CLANG_ANALYZER_NONNULL = YES;
				CLANG_ANALYZER_NUMBER_OBJECT_CONVERSION = YES_AGGRESSIVE;
				CLANG_CXX_LANGUAGE_STANDARD = "gnu++14";
				CLANG_CXX_LIBRARY = "libc++";
				CLANG_ENABLE_MODULES = YES;
				CLANG_ENABLE_OBJC_ARC = YES;
				CLANG_WARN_BLOCK_CAPTURE_AUTORELEASING = YES;
				CLANG_WARN_BOOL_CONVERSION = YES;
				CLANG_WARN_COMMA = YES;
				CLANG_WARN_CONSTANT_CONVERSION = YES;
				CLANG_WARN_DEPRECATED_OBJC_IMPLEMENTATIONS = YES;
				CLANG_WARN_DIRECT_OBJC_ISA_USAGE = YES_ERROR;
				CLANG_WARN_DOCUMENTATION_COMMENTS = YES;
				CLANG_WARN_EMPTY_BODY = YES;
				CLANG_WARN_ENUM_CONVERSION = YES;
				CLANG_WARN_INFINITE_RECURSION = YES;
				CLANG_WARN_INT_CONVERSION = YES;
				CLANG_WARN_NON_LITERAL_NULL_CONVERSION = YES;
				CLANG_WARN_OBJC_IMPLICIT_RETAIN_SELF = YES;
				CLANG_WARN_OBJC_LITERAL_CONVERSION = YES;
				CLANG_WARN_OBJC_ROOT_CLASS = YES_ERROR;
				CLANG_WARN_RANGE_LOOP_ANALYSIS = YES;
				CLANG_WARN_STRICT_PROTOTYPES = YES;
				CLANG_WARN_SUSPICIOUS_MOVE = YES;
				CLANG_WARN_UNGUARDED_AVAILABILITY = YES_AGGRESSIVE;
				CLANG_WARN_UNREACHABLE_CODE = YES;
				CLANG_WARN__DUPLICATE_METHOD_MATCH = YES;
				CODE_SIGN_IDENTITY = "iPhone Developer";
				COPY_PHASE_STRIP = NO;
				DEBUG_INFORMATION_FORMAT = dwarf;
				ENABLE_STRICT_OBJC_MSGSEND = YES;
				ENABLE_TESTABILITY = YES;
				GCC_C_LANGUAGE_STANDARD = gnu11;
				GCC_DYNAMIC_NO_PIC = NO;
				GCC_NO_COMMON_BLOCKS = YES;
				GCC_OPTIMIZATION_LEVEL = 0;
				GCC_PREPROCESSOR_DEFINITIONS = (
					"DEBUG=1",
					"$(inherited)",
				);
				GCC_WARN_64_TO_32_BIT_CONVERSION = YES;
				GCC_WARN_ABOUT_RETURN_TYPE = YES_ERROR;
				GCC_WARN_UNDECLARED_SELECTOR = YES;
				GCC_WARN_UNINITIALIZED_AUTOS = YES_AGGRESSIVE;
				GCC_WARN_UNUSED_FUNCTION = YES;
				GCC_WARN_UNUSED_VARIABLE = YES;
				IPHONEOS_DEPLOYMENT_TARGET = 11.2;
				MTL_ENABLE_DEBUG_INFO = YES;
				ONLY_ACTIVE_ARCH = YES;
				SDKROOT = iphoneos;
				SWIFT_ACTIVE_COMPILATION_CONDITIONS = DEBUG;
				SWIFT_OPTIMIZATION_LEVEL = "-Onone";
			};
			name = Debug;
		};
		ED836FD520F6E18100CFC549 /* Release */ = {
			isa = XCBuildConfiguration;
			buildSettings = {
				ALWAYS_SEARCH_USER_PATHS = NO;
				CLANG_ANALYZER_LOCALIZABILITY_NONLOCALIZED = YES;
				CLANG_ANALYZER_NONNULL = YES;
				CLANG_ANALYZER_NUMBER_OBJECT_CONVERSION = YES_AGGRESSIVE;
				CLANG_CXX_LANGUAGE_STANDARD = "gnu++14";
				CLANG_CXX_LIBRARY = "libc++";
				CLANG_ENABLE_MODULES = YES;
				CLANG_ENABLE_OBJC_ARC = YES;
				CLANG_WARN_BLOCK_CAPTURE_AUTORELEASING = YES;
				CLANG_WARN_BOOL_CONVERSION = YES;
				CLANG_WARN_COMMA = YES;
				CLANG_WARN_CONSTANT_CONVERSION = YES;
				CLANG_WARN_DEPRECATED_OBJC_IMPLEMENTATIONS = YES;
				CLANG_WARN_DIRECT_OBJC_ISA_USAGE = YES_ERROR;
				CLANG_WARN_DOCUMENTATION_COMMENTS = YES;
				CLANG_WARN_EMPTY_BODY = YES;
				CLANG_WARN_ENUM_CONVERSION = YES;
				CLANG_WARN_INFINITE_RECURSION = YES;
				CLANG_WARN_INT_CONVERSION = YES;
				CLANG_WARN_NON_LITERAL_NULL_CONVERSION = YES;
				CLANG_WARN_OBJC_IMPLICIT_RETAIN_SELF = YES;
				CLANG_WARN_OBJC_LITERAL_CONVERSION = YES;
				CLANG_WARN_OBJC_ROOT_CLASS = YES_ERROR;
				CLANG_WARN_RANGE_LOOP_ANALYSIS = YES;
				CLANG_WARN_STRICT_PROTOTYPES = YES;
				CLANG_WARN_SUSPICIOUS_MOVE = YES;
				CLANG_WARN_UNGUARDED_AVAILABILITY = YES_AGGRESSIVE;
				CLANG_WARN_UNREACHABLE_CODE = YES;
				CLANG_WARN__DUPLICATE_METHOD_MATCH = YES;
				CODE_SIGN_IDENTITY = "iPhone Developer";
				COPY_PHASE_STRIP = NO;
				DEBUG_INFORMATION_FORMAT = "dwarf-with-dsym";
				ENABLE_NS_ASSERTIONS = NO;
				ENABLE_STRICT_OBJC_MSGSEND = YES;
				GCC_C_LANGUAGE_STANDARD = gnu11;
				GCC_NO_COMMON_BLOCKS = YES;
				GCC_WARN_64_TO_32_BIT_CONVERSION = YES;
				GCC_WARN_ABOUT_RETURN_TYPE = YES_ERROR;
				GCC_WARN_UNDECLARED_SELECTOR = YES;
				GCC_WARN_UNINITIALIZED_AUTOS = YES_AGGRESSIVE;
				GCC_WARN_UNUSED_FUNCTION = YES;
				GCC_WARN_UNUSED_VARIABLE = YES;
				IPHONEOS_DEPLOYMENT_TARGET = 11.2;
				MTL_ENABLE_DEBUG_INFO = NO;
				SDKROOT = iphoneos;
				SWIFT_OPTIMIZATION_LEVEL = "-Owholemodule";
				VALIDATE_PRODUCT = YES;
			};
			name = Release;
		};
		ED836FD720F6E18100CFC549 /* Debug */ = {
			isa = XCBuildConfiguration;
			baseConfigurationReference = C3AE795366AA293C92B6BE79 /* Pods-iOStarter.debug.xcconfig */;
			buildSettings = {
				ASSETCATALOG_COMPILER_APPICON_NAME = AppIcon;
				CODE_SIGN_STYLE = Automatic;
				DEVELOPMENT_TEAM = JB73KN4XYE;
				INFOPLIST_FILE = "$(SRCROOT)/Application/Supporting Files/Info.plist";
				IPHONEOS_DEPLOYMENT_TARGET = 9.0;
				LD_RUNPATH_SEARCH_PATHS = "$(inherited) @executable_path/Frameworks";
				PRODUCT_BUNDLE_IDENTIFIER = com.ios.starter;
				PRODUCT_NAME = "$(TARGET_NAME)";
				SWIFT_OBJC_BRIDGING_HEADER = "Application/Supporting Files/Project-Bridging-Header.h";
				SWIFT_VERSION = 5.0;
				TARGETED_DEVICE_FAMILY = "1,2";
			};
			name = Debug;
		};
		ED836FD820F6E18100CFC549 /* Release */ = {
			isa = XCBuildConfiguration;
			baseConfigurationReference = 5F25438CD834046E473FDD50 /* Pods-iOStarter.release.xcconfig */;
			buildSettings = {
				ASSETCATALOG_COMPILER_APPICON_NAME = AppIcon;
				CODE_SIGN_STYLE = Automatic;
				DEVELOPMENT_TEAM = JB73KN4XYE;
				INFOPLIST_FILE = "$(SRCROOT)/Application/Supporting Files/Info.plist";
				IPHONEOS_DEPLOYMENT_TARGET = 9.0;
				LD_RUNPATH_SEARCH_PATHS = "$(inherited) @executable_path/Frameworks";
				PRODUCT_BUNDLE_IDENTIFIER = com.ios.starter;
				PRODUCT_NAME = "$(TARGET_NAME)";
				SWIFT_OBJC_BRIDGING_HEADER = "Application/Supporting Files/Project-Bridging-Header.h";
				SWIFT_VERSION = 5.0;
				TARGETED_DEVICE_FAMILY = "1,2";
			};
			name = Release;
		};
		FA29D1EE23167D3C007E5F49 /* Debug */ = {
			isa = XCBuildConfiguration;
			baseConfigurationReference = AE8A69E1415DDBE14E02B7C9 /* Pods-iOStarterTests.debug.xcconfig */;
			buildSettings = {
				CLANG_ENABLE_OBJC_WEAK = YES;
				CLANG_WARN_DEPRECATED_OBJC_IMPLEMENTATIONS = YES;
				CLANG_WARN_OBJC_IMPLICIT_RETAIN_SELF = YES;
				CODE_SIGN_STYLE = Automatic;
				DEVELOPMENT_TEAM = JB73KN4XYE;
				INFOPLIST_FILE = iOS_StarterTests/Info.plist;
				IPHONEOS_DEPLOYMENT_TARGET = 12.2;
				LD_RUNPATH_SEARCH_PATHS = "$(inherited) @executable_path/Frameworks @loader_path/Frameworks";
				MTL_ENABLE_DEBUG_INFO = INCLUDE_SOURCE;
				MTL_FAST_MATH = YES;
				PRODUCT_BUNDLE_IDENTIFIER = "com.crocodic.iOS-StarterUITests";
				PRODUCT_NAME = "$(TARGET_NAME)";
				SWIFT_OBJC_BRIDGING_HEADER = "$(SRCROOT)/iOS_Starter/Supporting Files/Project-Bridging-Header.h";
				SWIFT_VERSION = 4.2;
				TARGETED_DEVICE_FAMILY = "1,2";
				TEST_TARGET_NAME = iOS_Starter;
			};
			name = Debug;
		};
		FA29D1EF23167D3C007E5F49 /* Release */ = {
			isa = XCBuildConfiguration;
			baseConfigurationReference = 5394ACBD3E2D05C8BDB41F9F /* Pods-iOStarterTests.release.xcconfig */;
			buildSettings = {
				CLANG_ENABLE_OBJC_WEAK = YES;
				CLANG_WARN_DEPRECATED_OBJC_IMPLEMENTATIONS = YES;
				CLANG_WARN_OBJC_IMPLICIT_RETAIN_SELF = YES;
				CODE_SIGN_STYLE = Automatic;
				DEVELOPMENT_TEAM = JB73KN4XYE;
				INFOPLIST_FILE = iOS_StarterTests/Info.plist;
				IPHONEOS_DEPLOYMENT_TARGET = 12.2;
				LD_RUNPATH_SEARCH_PATHS = "$(inherited) @executable_path/Frameworks @loader_path/Frameworks";
				MTL_FAST_MATH = YES;
				PRODUCT_BUNDLE_IDENTIFIER = "com.crocodic.iOS-StarterUITests";
				PRODUCT_NAME = "$(TARGET_NAME)";
				SWIFT_OBJC_BRIDGING_HEADER = "$(SRCROOT)/iOS_Starter/Supporting Files/Project-Bridging-Header.h";
				SWIFT_VERSION = 4.2;
				TARGETED_DEVICE_FAMILY = "1,2";
				TEST_TARGET_NAME = iOS_Starter;
			};
			name = Release;
		};
/* End XCBuildConfiguration section */

/* Begin XCConfigurationList section */
		ED836FB420F6E18000CFC549 /* Build configuration list for PBXProject "iOStarter" */ = {
			isa = XCConfigurationList;
			buildConfigurations = (
				ED836FD420F6E18100CFC549 /* Debug */,
				ED836FD520F6E18100CFC549 /* Release */,
			);
			defaultConfigurationIsVisible = 0;
			defaultConfigurationName = Release;
		};
		ED836FD620F6E18100CFC549 /* Build configuration list for PBXNativeTarget "iOStarter" */ = {
			isa = XCConfigurationList;
			buildConfigurations = (
				ED836FD720F6E18100CFC549 /* Debug */,
				ED836FD820F6E18100CFC549 /* Release */,
			);
			defaultConfigurationIsVisible = 0;
			defaultConfigurationName = Release;
		};
		FA29D1ED23167D3C007E5F49 /* Build configuration list for PBXNativeTarget "iOStarterTests" */ = {
			isa = XCConfigurationList;
			buildConfigurations = (
				FA29D1EE23167D3C007E5F49 /* Debug */,
				FA29D1EF23167D3C007E5F49 /* Release */,
			);
			defaultConfigurationIsVisible = 0;
			defaultConfigurationName = Release;
		};
/* End XCConfigurationList section */
	};
	rootObject = ED836FB120F6E18000CFC549 /* Project object */;
}
