// !$*UTF8*$!
{
	archiveVersion = 1;
	classes = {
	};
	objectVersion = 55;
	objects = {

/* Begin PBXBuildFile section */
		630B512529628E240021E780 /* ApiInterceptor.swift in Sources */ = {isa = PBXBuildFile; fileRef = 630B512429628E240021E780 /* ApiInterceptor.swift */; };
		630B5127296298370021E780 /* ApiLogger.swift in Sources */ = {isa = PBXBuildFile; fileRef = 630B5126296298370021E780 /* ApiLogger.swift */; };
		630B512B2962C7B40021E780 /* ApiResponse.swift in Sources */ = {isa = PBXBuildFile; fileRef = 630B512A2962C7B40021E780 /* ApiResponse.swift */; };
		634E924F2963D86200100E3D /* UIApplicationExtensions.swift in Sources */ = {isa = PBXBuildFile; fileRef = 634E924E2963D86200100E3D /* UIApplicationExtensions.swift */; };
		634E92552963EA0000100E3D /* AlertAnimation.swift in Sources */ = {isa = PBXBuildFile; fileRef = 634E92542963EA0000100E3D /* AlertAnimation.swift */; };
		634E92572963EA9A00100E3D /* AlertSheetAnimation.swift in Sources */ = {isa = PBXBuildFile; fileRef = 634E92562963EA9A00100E3D /* AlertSheetAnimation.swift */; };
		DA6213020C8123554D8B4CFB /* Pods_iOStarter.framework in Frameworks */ = {isa = PBXBuildFile; fileRef = AA0F49E707A3C637E9A03641 /* Pods_iOStarter.framework */; };
		E217328F286E99B900F12A3F /* LoginView.swift in Sources */ = {isa = PBXBuildFile; fileRef = E217328E286E99B900F12A3F /* LoginView.swift */; };
		E2173293286EA79400F12A3F /* HomeView.swift in Sources */ = {isa = PBXBuildFile; fileRef = E2173292286EA79400F12A3F /* HomeView.swift */; };
		E2173295286EAA0300F12A3F /* NoLoginView.swift in Sources */ = {isa = PBXBuildFile; fileRef = E2173294286EAA0300F12A3F /* NoLoginView.swift */; };
		E2381BC528852FA400E5C871 /* ProfileView.swift in Sources */ = {isa = PBXBuildFile; fileRef = E2381BC428852FA400E5C871 /* ProfileView.swift */; };
		E2381BC8288535A600E5C871 /* RedButton.swift in Sources */ = {isa = PBXBuildFile; fileRef = E2381BC7288535A600E5C871 /* RedButton.swift */; };
		E24E62392817D4EE0032E0BE /* ApiPath.swift in Sources */ = {isa = PBXBuildFile; fileRef = E24E62382817D4EE0032E0BE /* ApiPath.swift */; };
		E25B74EF2873DBD400802E43 /* BlueButton.swift in Sources */ = {isa = PBXBuildFile; fileRef = E25B74EE2873DBD400802E43 /* BlueButton.swift */; };
		E2CA1B46286D5FFC00CBA9DA /* TabBarMenuView.swift in Sources */ = {isa = PBXBuildFile; fileRef = E2CA1B45286D5FFC00CBA9DA /* TabBarMenuView.swift */; };
		E2CA1B48286D665B00CBA9DA /* GridView.swift in Sources */ = {isa = PBXBuildFile; fileRef = E2CA1B47286D665B00CBA9DA /* GridView.swift */; };
		E2CA1B4A286D683100CBA9DA /* GridRow.swift in Sources */ = {isa = PBXBuildFile; fileRef = E2CA1B49286D683100CBA9DA /* GridRow.swift */; };
		E2CA1B4D286D88A000CBA9DA /* FitToAspectRatio.swift in Sources */ = {isa = PBXBuildFile; fileRef = E2CA1B4C286D88A000CBA9DA /* FitToAspectRatio.swift */; };
		E2E1E7AF286AA0CB006146F8 /* ListView.swift in Sources */ = {isa = PBXBuildFile; fileRef = E2E1E7AE286AA0CB006146F8 /* ListView.swift */; };
		E2E1E7B2286AA88A006146F8 /* ListRow.swift in Sources */ = {isa = PBXBuildFile; fileRef = E2E1E7B1286AA88A006146F8 /* ListRow.swift */; };
		E2E1E7B4286AB29F006146F8 /* DetailView.swift in Sources */ = {isa = PBXBuildFile; fileRef = E2E1E7B3286AB29F006146F8 /* DetailView.swift */; };
		E2E1E7B6286AFD8F006146F8 /* ActivityIndicatorView.swift in Sources */ = {isa = PBXBuildFile; fileRef = E2E1E7B5286AFD8F006146F8 /* ActivityIndicatorView.swift */; };
		E2E1E90C286C1150006146F8 /* SceneDelegate.swift in Sources */ = {isa = PBXBuildFile; fileRef = E2E1E90B286C1150006146F8 /* SceneDelegate.swift */; };
		E2FD8D5F27FECB5B003F5BA4 /* GoogleService-Info.plist in Resources */ = {isa = PBXBuildFile; fileRef = E2FD8D5E27FECB5B003F5BA4 /* GoogleService-Info.plist */; };
		E2FD8D6727FECB5B003F5BA4 /* Settings.bundle in Resources */ = {isa = PBXBuildFile; fileRef = E2FD8D6627FECB5B003F5BA4 /* Settings.bundle */; };
		E2FD8D6A27FECB5B003F5BA4 /* AppAssets.swift in Sources */ = {isa = PBXBuildFile; fileRef = E2FD8D6927FECB5B003F5BA4 /* AppAssets.swift */; };
		E2FD8D6C27FECB5B003F5BA4 /* AppColors.swift in Sources */ = {isa = PBXBuildFile; fileRef = E2FD8D6B27FECB5B003F5BA4 /* AppColors.swift */; };
		E2FD8D6E27FECB5B003F5BA4 /* AppFont.swift in Sources */ = {isa = PBXBuildFile; fileRef = E2FD8D6D27FECB5B003F5BA4 /* AppFont.swift */; };
		E2FD8D7027FECB5B003F5BA4 /* AppStoryboard.swift in Sources */ = {isa = PBXBuildFile; fileRef = E2FD8D6F27FECB5B003F5BA4 /* AppStoryboard.swift */; };
		E2FD8D7227FECB5B003F5BA4 /* AppStrings.swift in Sources */ = {isa = PBXBuildFile; fileRef = E2FD8D7127FECB5B003F5BA4 /* AppStrings.swift */; };
		E2FD8D7427FECB5B003F5BA4 /* AppError.swift in Sources */ = {isa = PBXBuildFile; fileRef = E2FD8D7327FECB5B003F5BA4 /* AppError.swift */; };
		E2FD8D7A27FECB5B003F5BA4 /* items.json in Resources */ = {isa = PBXBuildFile; fileRef = E2FD8D7927FECB5B003F5BA4 /* items.json */; };
		E2FD8D7C27FECB5B003F5BA4 /* user.json in Resources */ = {isa = PBXBuildFile; fileRef = E2FD8D7B27FECB5B003F5BA4 /* user.json */; };
		E2FD8D7E27FECB5B003F5BA4 /* Assets.xcassets in Resources */ = {isa = PBXBuildFile; fileRef = E2FD8D7D27FECB5B003F5BA4 /* Assets.xcassets */; };
		E2FD8D8027FECB5B003F5BA4 /* Colors.xcassets in Resources */ = {isa = PBXBuildFile; fileRef = E2FD8D7F27FECB5B003F5BA4 /* Colors.xcassets */; };
		E2FD8D8527FECB5B003F5BA4 /* ApiComponents.swift in Sources */ = {isa = PBXBuildFile; fileRef = E2FD8D8427FECB5B003F5BA4 /* ApiComponents.swift */; };
		E2FD8D8727FECB5B003F5BA4 /* ApiManager.swift in Sources */ = {isa = PBXBuildFile; fileRef = E2FD8D8627FECB5B003F5BA4 /* ApiManager.swift */; };
		E2FD8D8927FECB5B003F5BA4 /* ApiParameter.swift in Sources */ = {isa = PBXBuildFile; fileRef = E2FD8D8827FECB5B003F5BA4 /* ApiParameter.swift */; };
		E2FD8D8B27FECB5B003F5BA4 /* UploadParameter.swift in Sources */ = {isa = PBXBuildFile; fileRef = E2FD8D8A27FECB5B003F5BA4 /* UploadParameter.swift */; };
		E2FD8D8D27FECB5B003F5BA4 /* MimeType.swift in Sources */ = {isa = PBXBuildFile; fileRef = E2FD8D8C27FECB5B003F5BA4 /* MimeType.swift */; };
		E2FD8D8F27FECB5B003F5BA4 /* DatabaseHelper.swift in Sources */ = {isa = PBXBuildFile; fileRef = E2FD8D8E27FECB5B003F5BA4 /* DatabaseHelper.swift */; };
		E2FD8D9127FECB5B003F5BA4 /* NotificationHelper.swift in Sources */ = {isa = PBXBuildFile; fileRef = E2FD8D9027FECB5B003F5BA4 /* NotificationHelper.swift */; };
		E2FD8D9327FECB5B003F5BA4 /* DownloadManager.swift in Sources */ = {isa = PBXBuildFile; fileRef = E2FD8D9227FECB5B003F5BA4 /* DownloadManager.swift */; };
		E2FD8D9527FECB5B003F5BA4 /* KeyboardStateListener.swift in Sources */ = {isa = PBXBuildFile; fileRef = E2FD8D9427FECB5B003F5BA4 /* KeyboardStateListener.swift */; };
		E2FD8D9727FECB5B003F5BA4 /* LocalizeHelper.swift in Sources */ = {isa = PBXBuildFile; fileRef = E2FD8D9627FECB5B003F5BA4 /* LocalizeHelper.swift */; };
		E2FD8D9927FECB5B003F5BA4 /* LocationHelper.swift in Sources */ = {isa = PBXBuildFile; fileRef = E2FD8D9827FECB5B003F5BA4 /* LocationHelper.swift */; };
		E2FD8D9B27FECB5B003F5BA4 /* SettingsManager.swift in Sources */ = {isa = PBXBuildFile; fileRef = E2FD8D9A27FECB5B003F5BA4 /* SettingsManager.swift */; };
		E2FD8D9E27FECB5B003F5BA4 /* BoolExtension.swift in Sources */ = {isa = PBXBuildFile; fileRef = E2FD8D9D27FECB5B003F5BA4 /* BoolExtension.swift */; };
		E2FD8DA027FECB5B003F5BA4 /* DateExtension.swift in Sources */ = {isa = PBXBuildFile; fileRef = E2FD8D9F27FECB5B003F5BA4 /* DateExtension.swift */; };
		E2FD8DA227FECB5B003F5BA4 /* IntExtension.swift in Sources */ = {isa = PBXBuildFile; fileRef = E2FD8DA127FECB5B003F5BA4 /* IntExtension.swift */; };
		E2FD8DA427FECB5B003F5BA4 /* StringExtension.swift in Sources */ = {isa = PBXBuildFile; fileRef = E2FD8DA327FECB5B003F5BA4 /* StringExtension.swift */; };
		E2FD8DA827FECB5B003F5BA4 /* ColorExtension.swift in Sources */ = {isa = PBXBuildFile; fileRef = E2FD8DA727FECB5B003F5BA4 /* ColorExtension.swift */; };
		E2FD8DAA27FECB5B003F5BA4 /* UIImageExtension.swift in Sources */ = {isa = PBXBuildFile; fileRef = E2FD8DA927FECB5B003F5BA4 /* UIImageExtension.swift */; };
		E2FD8DAC27FECB5B003F5BA4 /* UITextFieldExtension.swift in Sources */ = {isa = PBXBuildFile; fileRef = E2FD8DAB27FECB5B003F5BA4 /* UITextFieldExtension.swift */; };
		E2FD8DAE27FECB5B003F5BA4 /* UIViewExtension.swift in Sources */ = {isa = PBXBuildFile; fileRef = E2FD8DAD27FECB5B003F5BA4 /* UIViewExtension.swift */; };
		E2FD8DB027FECB5B003F5BA4 /* UIViewControllerExtension.swift in Sources */ = {isa = PBXBuildFile; fileRef = E2FD8DAF27FECB5B003F5BA4 /* UIViewControllerExtension.swift */; };
		E2FD8DB527FECB5B003F5BA4 /* ToastView.swift in Sources */ = {isa = PBXBuildFile; fileRef = E2FD8DB427FECB5B003F5BA4 /* ToastView.swift */; };
		E2FD8DB727FECB5B003F5BA4 /* CheckBox.swift in Sources */ = {isa = PBXBuildFile; fileRef = E2FD8DB627FECB5B003F5BA4 /* CheckBox.swift */; };
		E2FD8DB927FECB5B003F5BA4 /* PickerField.swift in Sources */ = {isa = PBXBuildFile; fileRef = E2FD8DB827FECB5B003F5BA4 /* PickerField.swift */; };
		E2FD8DBC27FECB5B003F5BA4 /* CameraController.swift in Sources */ = {isa = PBXBuildFile; fileRef = E2FD8DBB27FECB5B003F5BA4 /* CameraController.swift */; };
		E2FD8DBE27FECB5B003F5BA4 /* ZoomSlider.swift in Sources */ = {isa = PBXBuildFile; fileRef = E2FD8DBD27FECB5B003F5BA4 /* ZoomSlider.swift */; };
		E2FD8DC127FECB5B003F5BA4 /* ErrorView.swift in Sources */ = {isa = PBXBuildFile; fileRef = E2FD8DC027FECB5B003F5BA4 /* ErrorView.swift */; };
		E2FD8DC327FECB5B003F5BA4 /* LoadIndicatorView.swift in Sources */ = {isa = PBXBuildFile; fileRef = E2FD8DC227FECB5B003F5BA4 /* LoadIndicatorView.swift */; };
		E2FD8DC627FECB5B003F5BA4 /* BaseModel.swift in Sources */ = {isa = PBXBuildFile; fileRef = E2FD8DC527FECB5B003F5BA4 /* BaseModel.swift */; };
		E2FD8DCA27FECB5B003F5BA4 /* BaseViewModelList.swift in Sources */ = {isa = PBXBuildFile; fileRef = E2FD8DC927FECB5B003F5BA4 /* BaseViewModelList.swift */; };
		E2FD8DCC27FECB5B003F5BA4 /* BaseViewModel.swift in Sources */ = {isa = PBXBuildFile; fileRef = E2FD8DCB27FECB5B003F5BA4 /* BaseViewModel.swift */; };
		E2FD8DD027FECB5B003F5BA4 /* ViewController.swift in Sources */ = {isa = PBXBuildFile; fileRef = E2FD8DCF27FECB5B003F5BA4 /* ViewController.swift */; };
		E2FD8DD227FECB5C003F5BA4 /* TableViewController.swift in Sources */ = {isa = PBXBuildFile; fileRef = E2FD8DD127FECB5C003F5BA4 /* TableViewController.swift */; };
		E2FD8DD427FECB5C003F5BA4 /* CollectionViewController.swift in Sources */ = {isa = PBXBuildFile; fileRef = E2FD8DD327FECB5C003F5BA4 /* CollectionViewController.swift */; };
		E2FD8DD827FECB5C003F5BA4 /* AlertAppearance.swift in Sources */ = {isa = PBXBuildFile; fileRef = E2FD8DD727FECB5C003F5BA4 /* AlertAppearance.swift */; };
		E2FD8DDA27FECB5C003F5BA4 /* AlertController.swift in Sources */ = {isa = PBXBuildFile; fileRef = E2FD8DD927FECB5C003F5BA4 /* AlertController.swift */; };
		E2FD8DDC27FECB5C003F5BA4 /* AlertSheetController.swift in Sources */ = {isa = PBXBuildFile; fileRef = E2FD8DDB27FECB5C003F5BA4 /* AlertSheetController.swift */; };
		E2FD8DE727FECB5C003F5BA4 /* AlertView.xib in Resources */ = {isa = PBXBuildFile; fileRef = E2FD8DE627FECB5C003F5BA4 /* AlertView.xib */; };
		E2FD8DE927FECB5C003F5BA4 /* AlertSheetView.xib in Resources */ = {isa = PBXBuildFile; fileRef = E2FD8DE827FECB5C003F5BA4 /* AlertSheetView.xib */; };
		E2FD8DEC27FECB5C003F5BA4 /* LaunchScreen.storyboard in Resources */ = {isa = PBXBuildFile; fileRef = E2FD8DEB27FECB5C003F5BA4 /* LaunchScreen.storyboard */; };
		E2FD8DEE27FECB5C003F5BA4 /* Main.storyboard in Resources */ = {isa = PBXBuildFile; fileRef = E2FD8DED27FECB5C003F5BA4 /* Main.storyboard */; };
		E2FD8DF027FECB5C003F5BA4 /* Menu.storyboard in Resources */ = {isa = PBXBuildFile; fileRef = E2FD8DEF27FECB5C003F5BA4 /* Menu.storyboard */; };
		E2FD8DF227FECB5C003F5BA4 /* Auth.storyboard in Resources */ = {isa = PBXBuildFile; fileRef = E2FD8DF127FECB5C003F5BA4 /* Auth.storyboard */; };
		E2FD8DF427FECB5C003F5BA4 /* Profile.storyboard in Resources */ = {isa = PBXBuildFile; fileRef = E2FD8DF327FECB5C003F5BA4 /* Profile.storyboard */; };
		E2FD8DF927FECB5C003F5BA4 /* Localizable.strings in Resources */ = {isa = PBXBuildFile; fileRef = E2FD8DF727FECB5C003F5BA4 /* Localizable.strings */; };
		E2FD8DFC27FECB5C003F5BA4 /* AppDelegate.swift in Sources */ = {isa = PBXBuildFile; fileRef = E2FD8DFB27FECB5C003F5BA4 /* AppDelegate.swift */; };
		E2FD8DFE27FECB5C003F5BA4 /* UserSession.swift in Sources */ = {isa = PBXBuildFile; fileRef = E2FD8DFD27FECB5C003F5BA4 /* UserSession.swift */; };
		E2FD8E0027FECB5C003F5BA4 /* Encryption.swift in Sources */ = {isa = PBXBuildFile; fileRef = E2FD8DFF27FECB5C003F5BA4 /* Encryption.swift */; };
		E2FD8E0527FECB5C003F5BA4 /* ItemCell.swift in Sources */ = {isa = PBXBuildFile; fileRef = E2FD8E0427FECB5C003F5BA4 /* ItemCell.swift */; };
		E2FD8E0827FECB5C003F5BA4 /* TabBarMenuVM.swift in Sources */ = {isa = PBXBuildFile; fileRef = E2FD8E0727FECB5C003F5BA4 /* TabBarMenuVM.swift */; };
		E2FD8E0A27FECB5C003F5BA4 /* ListVM.swift in Sources */ = {isa = PBXBuildFile; fileRef = E2FD8E0927FECB5C003F5BA4 /* ListVM.swift */; };
		E2FD8E0C27FECB5C003F5BA4 /* ItemVM.swift in Sources */ = {isa = PBXBuildFile; fileRef = E2FD8E0B27FECB5C003F5BA4 /* ItemVM.swift */; };
		E2FD8E0E27FECB5C003F5BA4 /* LoginVM.swift in Sources */ = {isa = PBXBuildFile; fileRef = E2FD8E0D27FECB5C003F5BA4 /* LoginVM.swift */; };
		E2FD8E1027FECB5C003F5BA4 /* ProfileVM.swift in Sources */ = {isa = PBXBuildFile; fileRef = E2FD8E0F27FECB5C003F5BA4 /* ProfileVM.swift */; };
		E2FD8E1327FECB5C003F5BA4 /* TabBarMenu.swift in Sources */ = {isa = PBXBuildFile; fileRef = E2FD8E1227FECB5C003F5BA4 /* TabBarMenu.swift */; };
		E2FD8E1527FECB5C003F5BA4 /* Item.swift in Sources */ = {isa = PBXBuildFile; fileRef = E2FD8E1427FECB5C003F5BA4 /* Item.swift */; };
		E2FD8E1727FECB5C003F5BA4 /* User.swift in Sources */ = {isa = PBXBuildFile; fileRef = E2FD8E1627FECB5C003F5BA4 /* User.swift */; };
		E2FD8E1C27FECB5C003F5BA4 /* TabBarMenuVC.swift in Sources */ = {isa = PBXBuildFile; fileRef = E2FD8E1B27FECB5C003F5BA4 /* TabBarMenuVC.swift */; };
		E2FD8E1E27FECB5C003F5BA4 /* TableVC.swift in Sources */ = {isa = PBXBuildFile; fileRef = E2FD8E1D27FECB5C003F5BA4 /* TableVC.swift */; };
		E2FD8E2027FECB5C003F5BA4 /* GridVC.swift in Sources */ = {isa = PBXBuildFile; fileRef = E2FD8E1F27FECB5C003F5BA4 /* GridVC.swift */; };
		E2FD8E2227FECB5C003F5BA4 /* DetailVC.swift in Sources */ = {isa = PBXBuildFile; fileRef = E2FD8E2127FECB5C003F5BA4 /* DetailVC.swift */; };
		E2FD8E2427FECB5C003F5BA4 /* LoginVC.swift in Sources */ = {isa = PBXBuildFile; fileRef = E2FD8E2327FECB5C003F5BA4 /* LoginVC.swift */; };
		E2FD8E2627FECB5C003F5BA4 /* ProfileVC.swift in Sources */ = {isa = PBXBuildFile; fileRef = E2FD8E2527FECB5C003F5BA4 /* ProfileVC.swift */; };
/* End PBXBuildFile section */

/* Begin PBXFileReference section */
		630B512429628E240021E780 /* ApiInterceptor.swift */ = {isa = PBXFileReference; lastKnownFileType = sourcecode.swift; path = ApiInterceptor.swift; sourceTree = "<group>"; };
		630B5126296298370021E780 /* ApiLogger.swift */ = {isa = PBXFileReference; lastKnownFileType = sourcecode.swift; path = ApiLogger.swift; sourceTree = "<group>"; };
		630B512A2962C7B40021E780 /* ApiResponse.swift */ = {isa = PBXFileReference; lastKnownFileType = sourcecode.swift; path = ApiResponse.swift; sourceTree = "<group>"; };
		634E924E2963D86200100E3D /* UIApplicationExtensions.swift */ = {isa = PBXFileReference; lastKnownFileType = sourcecode.swift; path = UIApplicationExtensions.swift; sourceTree = "<group>"; };
		634E92542963EA0000100E3D /* AlertAnimation.swift */ = {isa = PBXFileReference; lastKnownFileType = sourcecode.swift; path = AlertAnimation.swift; sourceTree = "<group>"; };
		634E92562963EA9A00100E3D /* AlertSheetAnimation.swift */ = {isa = PBXFileReference; lastKnownFileType = sourcecode.swift; path = AlertSheetAnimation.swift; sourceTree = "<group>"; };
		AA0F49E707A3C637E9A03641 /* Pods_iOStarter.framework */ = {isa = PBXFileReference; explicitFileType = wrapper.framework; includeInIndex = 0; path = Pods_iOStarter.framework; sourceTree = BUILT_PRODUCTS_DIR; };
		B25E3B36AB6BD6CB2B4B1E78 /* Pods-iOStarter.debug.xcconfig */ = {isa = PBXFileReference; includeInIndex = 1; lastKnownFileType = text.xcconfig; name = "Pods-iOStarter.debug.xcconfig"; path = "Target Support Files/Pods-iOStarter/Pods-iOStarter.debug.xcconfig"; sourceTree = "<group>"; };
		B325AEF17A65AAE03EDBE58F /* Pods-iOStarter.release.xcconfig */ = {isa = PBXFileReference; includeInIndex = 1; lastKnownFileType = text.xcconfig; name = "Pods-iOStarter.release.xcconfig"; path = "Target Support Files/Pods-iOStarter/Pods-iOStarter.release.xcconfig"; sourceTree = "<group>"; };
		E217328E286E99B900F12A3F /* LoginView.swift */ = {isa = PBXFileReference; lastKnownFileType = sourcecode.swift; path = LoginView.swift; sourceTree = "<group>"; };
		E2173292286EA79400F12A3F /* HomeView.swift */ = {isa = PBXFileReference; lastKnownFileType = sourcecode.swift; path = HomeView.swift; sourceTree = "<group>"; };
		E2173294286EAA0300F12A3F /* NoLoginView.swift */ = {isa = PBXFileReference; lastKnownFileType = sourcecode.swift; path = NoLoginView.swift; sourceTree = "<group>"; };
		E2381BC428852FA400E5C871 /* ProfileView.swift */ = {isa = PBXFileReference; lastKnownFileType = sourcecode.swift; path = ProfileView.swift; sourceTree = "<group>"; };
		E2381BC7288535A600E5C871 /* RedButton.swift */ = {isa = PBXFileReference; lastKnownFileType = sourcecode.swift; path = RedButton.swift; sourceTree = "<group>"; };
		E24E62382817D4EE0032E0BE /* ApiPath.swift */ = {isa = PBXFileReference; lastKnownFileType = sourcecode.swift; path = ApiPath.swift; sourceTree = "<group>"; };
		E25B74EE2873DBD400802E43 /* BlueButton.swift */ = {isa = PBXFileReference; lastKnownFileType = sourcecode.swift; path = BlueButton.swift; sourceTree = "<group>"; };
		E2AAB63527FFE92000F19FBE /* iOStarter.entitlements */ = {isa = PBXFileReference; lastKnownFileType = text.plist.entitlements; path = iOStarter.entitlements; sourceTree = "<group>"; };
		E2CA1B45286D5FFC00CBA9DA /* TabBarMenuView.swift */ = {isa = PBXFileReference; lastKnownFileType = sourcecode.swift; path = TabBarMenuView.swift; sourceTree = "<group>"; };
		E2CA1B47286D665B00CBA9DA /* GridView.swift */ = {isa = PBXFileReference; lastKnownFileType = sourcecode.swift; path = GridView.swift; sourceTree = "<group>"; };
		E2CA1B49286D683100CBA9DA /* GridRow.swift */ = {isa = PBXFileReference; lastKnownFileType = sourcecode.swift; path = GridRow.swift; sourceTree = "<group>"; };
		E2CA1B4C286D88A000CBA9DA /* FitToAspectRatio.swift */ = {isa = PBXFileReference; lastKnownFileType = sourcecode.swift; path = FitToAspectRatio.swift; sourceTree = "<group>"; };
		E2E1E7AE286AA0CB006146F8 /* ListView.swift */ = {isa = PBXFileReference; lastKnownFileType = sourcecode.swift; path = ListView.swift; sourceTree = "<group>"; };
		E2E1E7B1286AA88A006146F8 /* ListRow.swift */ = {isa = PBXFileReference; lastKnownFileType = sourcecode.swift; path = ListRow.swift; sourceTree = "<group>"; };
		E2E1E7B3286AB29F006146F8 /* DetailView.swift */ = {isa = PBXFileReference; lastKnownFileType = sourcecode.swift; path = DetailView.swift; sourceTree = "<group>"; };
		E2E1E7B5286AFD8F006146F8 /* ActivityIndicatorView.swift */ = {isa = PBXFileReference; lastKnownFileType = sourcecode.swift; path = ActivityIndicatorView.swift; sourceTree = "<group>"; };
		E2E1E90B286C1150006146F8 /* SceneDelegate.swift */ = {isa = PBXFileReference; lastKnownFileType = sourcecode.swift; path = SceneDelegate.swift; sourceTree = "<group>"; };
		E2FD8D5B27FECB5B003F5BA4 /* iOStarter.app */ = {isa = PBXFileReference; explicitFileType = wrapper.application; includeInIndex = 0; path = iOStarter.app; sourceTree = BUILT_PRODUCTS_DIR; };
		E2FD8D5E27FECB5B003F5BA4 /* GoogleService-Info.plist */ = {isa = PBXFileReference; lastKnownFileType = text.plist.xml; name = "GoogleService-Info.plist"; path = "../GoogleService-Info.plist"; sourceTree = "<group>"; };
		E2FD8D6627FECB5B003F5BA4 /* Settings.bundle */ = {isa = PBXFileReference; lastKnownFileType = "wrapper.plug-in"; name = Settings.bundle; path = ../Settings.bundle; sourceTree = "<group>"; };
		E2FD8D6927FECB5B003F5BA4 /* AppAssets.swift */ = {isa = PBXFileReference; lastKnownFileType = sourcecode.swift; path = AppAssets.swift; sourceTree = "<group>"; };
		E2FD8D6B27FECB5B003F5BA4 /* AppColors.swift */ = {isa = PBXFileReference; lastKnownFileType = sourcecode.swift; path = AppColors.swift; sourceTree = "<group>"; };
		E2FD8D6D27FECB5B003F5BA4 /* AppFont.swift */ = {isa = PBXFileReference; lastKnownFileType = sourcecode.swift; path = AppFont.swift; sourceTree = "<group>"; };
		E2FD8D6F27FECB5B003F5BA4 /* AppStoryboard.swift */ = {isa = PBXFileReference; lastKnownFileType = sourcecode.swift; path = AppStoryboard.swift; sourceTree = "<group>"; };
		E2FD8D7127FECB5B003F5BA4 /* AppStrings.swift */ = {isa = PBXFileReference; lastKnownFileType = sourcecode.swift; path = AppStrings.swift; sourceTree = "<group>"; };
		E2FD8D7327FECB5B003F5BA4 /* AppError.swift */ = {isa = PBXFileReference; lastKnownFileType = sourcecode.swift; path = AppError.swift; sourceTree = "<group>"; };
		E2FD8D7727FECB5B003F5BA4 /* .gitkeep */ = {isa = PBXFileReference; lastKnownFileType = text; path = .gitkeep; sourceTree = "<group>"; };
		E2FD8D7927FECB5B003F5BA4 /* items.json */ = {isa = PBXFileReference; lastKnownFileType = text.json; path = items.json; sourceTree = "<group>"; };
		E2FD8D7B27FECB5B003F5BA4 /* user.json */ = {isa = PBXFileReference; lastKnownFileType = text.json; path = user.json; sourceTree = "<group>"; };
		E2FD8D7D27FECB5B003F5BA4 /* Assets.xcassets */ = {isa = PBXFileReference; lastKnownFileType = folder.assetcatalog; path = Assets.xcassets; sourceTree = "<group>"; };
		E2FD8D7F27FECB5B003F5BA4 /* Colors.xcassets */ = {isa = PBXFileReference; lastKnownFileType = folder.assetcatalog; path = Colors.xcassets; sourceTree = "<group>"; };
		E2FD8D8427FECB5B003F5BA4 /* ApiComponents.swift */ = {isa = PBXFileReference; lastKnownFileType = sourcecode.swift; path = ApiComponents.swift; sourceTree = "<group>"; };
		E2FD8D8627FECB5B003F5BA4 /* ApiManager.swift */ = {isa = PBXFileReference; lastKnownFileType = sourcecode.swift; path = ApiManager.swift; sourceTree = "<group>"; };
		E2FD8D8827FECB5B003F5BA4 /* ApiParameter.swift */ = {isa = PBXFileReference; lastKnownFileType = sourcecode.swift; path = ApiParameter.swift; sourceTree = "<group>"; };
		E2FD8D8A27FECB5B003F5BA4 /* UploadParameter.swift */ = {isa = PBXFileReference; lastKnownFileType = sourcecode.swift; path = UploadParameter.swift; sourceTree = "<group>"; };
		E2FD8D8C27FECB5B003F5BA4 /* MimeType.swift */ = {isa = PBXFileReference; lastKnownFileType = sourcecode.swift; path = MimeType.swift; sourceTree = "<group>"; };
		E2FD8D8E27FECB5B003F5BA4 /* DatabaseHelper.swift */ = {isa = PBXFileReference; lastKnownFileType = sourcecode.swift; path = DatabaseHelper.swift; sourceTree = "<group>"; };
		E2FD8D9027FECB5B003F5BA4 /* NotificationHelper.swift */ = {isa = PBXFileReference; lastKnownFileType = sourcecode.swift; path = NotificationHelper.swift; sourceTree = "<group>"; };
		E2FD8D9227FECB5B003F5BA4 /* DownloadManager.swift */ = {isa = PBXFileReference; lastKnownFileType = sourcecode.swift; path = DownloadManager.swift; sourceTree = "<group>"; };
		E2FD8D9427FECB5B003F5BA4 /* KeyboardStateListener.swift */ = {isa = PBXFileReference; lastKnownFileType = sourcecode.swift; path = KeyboardStateListener.swift; sourceTree = "<group>"; };
		E2FD8D9627FECB5B003F5BA4 /* LocalizeHelper.swift */ = {isa = PBXFileReference; lastKnownFileType = sourcecode.swift; path = LocalizeHelper.swift; sourceTree = "<group>"; };
		E2FD8D9827FECB5B003F5BA4 /* LocationHelper.swift */ = {isa = PBXFileReference; lastKnownFileType = sourcecode.swift; path = LocationHelper.swift; sourceTree = "<group>"; };
		E2FD8D9A27FECB5B003F5BA4 /* SettingsManager.swift */ = {isa = PBXFileReference; lastKnownFileType = sourcecode.swift; path = SettingsManager.swift; sourceTree = "<group>"; };
		E2FD8D9D27FECB5B003F5BA4 /* BoolExtension.swift */ = {isa = PBXFileReference; lastKnownFileType = sourcecode.swift; path = BoolExtension.swift; sourceTree = "<group>"; };
		E2FD8D9F27FECB5B003F5BA4 /* DateExtension.swift */ = {isa = PBXFileReference; lastKnownFileType = sourcecode.swift; path = DateExtension.swift; sourceTree = "<group>"; };
		E2FD8DA127FECB5B003F5BA4 /* IntExtension.swift */ = {isa = PBXFileReference; lastKnownFileType = sourcecode.swift; path = IntExtension.swift; sourceTree = "<group>"; };
		E2FD8DA327FECB5B003F5BA4 /* StringExtension.swift */ = {isa = PBXFileReference; lastKnownFileType = sourcecode.swift; path = StringExtension.swift; sourceTree = "<group>"; };
		E2FD8DA727FECB5B003F5BA4 /* ColorExtension.swift */ = {isa = PBXFileReference; lastKnownFileType = sourcecode.swift; path = ColorExtension.swift; sourceTree = "<group>"; };
		E2FD8DA927FECB5B003F5BA4 /* UIImageExtension.swift */ = {isa = PBXFileReference; lastKnownFileType = sourcecode.swift; path = UIImageExtension.swift; sourceTree = "<group>"; };
		E2FD8DAB27FECB5B003F5BA4 /* UITextFieldExtension.swift */ = {isa = PBXFileReference; lastKnownFileType = sourcecode.swift; path = UITextFieldExtension.swift; sourceTree = "<group>"; };
		E2FD8DAD27FECB5B003F5BA4 /* UIViewExtension.swift */ = {isa = PBXFileReference; lastKnownFileType = sourcecode.swift; path = UIViewExtension.swift; sourceTree = "<group>"; };
		E2FD8DAF27FECB5B003F5BA4 /* UIViewControllerExtension.swift */ = {isa = PBXFileReference; lastKnownFileType = sourcecode.swift; path = UIViewControllerExtension.swift; sourceTree = "<group>"; };
		E2FD8DB427FECB5B003F5BA4 /* ToastView.swift */ = {isa = PBXFileReference; lastKnownFileType = sourcecode.swift; path = ToastView.swift; sourceTree = "<group>"; };
		E2FD8DB627FECB5B003F5BA4 /* CheckBox.swift */ = {isa = PBXFileReference; lastKnownFileType = sourcecode.swift; path = CheckBox.swift; sourceTree = "<group>"; };
		E2FD8DB827FECB5B003F5BA4 /* PickerField.swift */ = {isa = PBXFileReference; lastKnownFileType = sourcecode.swift; path = PickerField.swift; sourceTree = "<group>"; };
		E2FD8DBB27FECB5B003F5BA4 /* CameraController.swift */ = {isa = PBXFileReference; lastKnownFileType = sourcecode.swift; path = CameraController.swift; sourceTree = "<group>"; };
		E2FD8DBD27FECB5B003F5BA4 /* ZoomSlider.swift */ = {isa = PBXFileReference; lastKnownFileType = sourcecode.swift; path = ZoomSlider.swift; sourceTree = "<group>"; };
		E2FD8DC027FECB5B003F5BA4 /* ErrorView.swift */ = {isa = PBXFileReference; lastKnownFileType = sourcecode.swift; path = ErrorView.swift; sourceTree = "<group>"; };
		E2FD8DC227FECB5B003F5BA4 /* LoadIndicatorView.swift */ = {isa = PBXFileReference; lastKnownFileType = sourcecode.swift; path = LoadIndicatorView.swift; sourceTree = "<group>"; };
		E2FD8DC527FECB5B003F5BA4 /* BaseModel.swift */ = {isa = PBXFileReference; lastKnownFileType = sourcecode.swift; path = BaseModel.swift; sourceTree = "<group>"; };
		E2FD8DC927FECB5B003F5BA4 /* BaseViewModelList.swift */ = {isa = PBXFileReference; lastKnownFileType = sourcecode.swift; path = BaseViewModelList.swift; sourceTree = "<group>"; };
		E2FD8DCB27FECB5B003F5BA4 /* BaseViewModel.swift */ = {isa = PBXFileReference; lastKnownFileType = sourcecode.swift; path = BaseViewModel.swift; sourceTree = "<group>"; };
		E2FD8DCF27FECB5B003F5BA4 /* ViewController.swift */ = {isa = PBXFileReference; lastKnownFileType = sourcecode.swift; path = ViewController.swift; sourceTree = "<group>"; };
		E2FD8DD127FECB5C003F5BA4 /* TableViewController.swift */ = {isa = PBXFileReference; lastKnownFileType = sourcecode.swift; path = TableViewController.swift; sourceTree = "<group>"; };
		E2FD8DD327FECB5C003F5BA4 /* CollectionViewController.swift */ = {isa = PBXFileReference; lastKnownFileType = sourcecode.swift; path = CollectionViewController.swift; sourceTree = "<group>"; };
		E2FD8DD727FECB5C003F5BA4 /* AlertAppearance.swift */ = {isa = PBXFileReference; lastKnownFileType = sourcecode.swift; path = AlertAppearance.swift; sourceTree = "<group>"; };
		E2FD8DD927FECB5C003F5BA4 /* AlertController.swift */ = {isa = PBXFileReference; lastKnownFileType = sourcecode.swift; path = AlertController.swift; sourceTree = "<group>"; };
		E2FD8DDB27FECB5C003F5BA4 /* AlertSheetController.swift */ = {isa = PBXFileReference; lastKnownFileType = sourcecode.swift; path = AlertSheetController.swift; sourceTree = "<group>"; };
		E2FD8DE627FECB5C003F5BA4 /* AlertView.xib */ = {isa = PBXFileReference; lastKnownFileType = file.xib; path = AlertView.xib; sourceTree = "<group>"; };
		E2FD8DE827FECB5C003F5BA4 /* AlertSheetView.xib */ = {isa = PBXFileReference; lastKnownFileType = file.xib; path = AlertSheetView.xib; sourceTree = "<group>"; };
		E2FD8DEB27FECB5C003F5BA4 /* LaunchScreen.storyboard */ = {isa = PBXFileReference; lastKnownFileType = file.storyboard; path = LaunchScreen.storyboard; sourceTree = "<group>"; };
		E2FD8DED27FECB5C003F5BA4 /* Main.storyboard */ = {isa = PBXFileReference; lastKnownFileType = file.storyboard; path = Main.storyboard; sourceTree = "<group>"; };
		E2FD8DEF27FECB5C003F5BA4 /* Menu.storyboard */ = {isa = PBXFileReference; lastKnownFileType = file.storyboard; path = Menu.storyboard; sourceTree = "<group>"; };
		E2FD8DF127FECB5C003F5BA4 /* Auth.storyboard */ = {isa = PBXFileReference; lastKnownFileType = file.storyboard; path = Auth.storyboard; sourceTree = "<group>"; };
		E2FD8DF327FECB5C003F5BA4 /* Profile.storyboard */ = {isa = PBXFileReference; lastKnownFileType = file.storyboard; path = Profile.storyboard; sourceTree = "<group>"; };
		E2FD8DF627FECB5C003F5BA4 /* Info.plist */ = {isa = PBXFileReference; lastKnownFileType = text.plist.xml; path = Info.plist; sourceTree = "<group>"; };
		E2FD8DF827FECB5C003F5BA4 /* en */ = {isa = PBXFileReference; lastKnownFileType = text.plist.strings; name = en; path = en.lproj/Localizable.strings; sourceTree = "<group>"; };
		E2FD8DFA27FECB5C003F5BA4 /* id */ = {isa = PBXFileReference; lastKnownFileType = text.plist.strings; name = id; path = id.lproj/Localizable.strings; sourceTree = "<group>"; };
		E2FD8DFB27FECB5C003F5BA4 /* AppDelegate.swift */ = {isa = PBXFileReference; lastKnownFileType = sourcecode.swift; path = AppDelegate.swift; sourceTree = "<group>"; };
		E2FD8DFD27FECB5C003F5BA4 /* UserSession.swift */ = {isa = PBXFileReference; lastKnownFileType = sourcecode.swift; path = UserSession.swift; sourceTree = "<group>"; };
		E2FD8DFF27FECB5C003F5BA4 /* Encryption.swift */ = {isa = PBXFileReference; lastKnownFileType = sourcecode.swift; path = Encryption.swift; sourceTree = "<group>"; };
		E2FD8E0127FECB5C003F5BA4 /* Project-Bridging-Header.h */ = {isa = PBXFileReference; lastKnownFileType = sourcecode.c.h; path = "Project-Bridging-Header.h"; sourceTree = "<group>"; };
		E2FD8E0427FECB5C003F5BA4 /* ItemCell.swift */ = {isa = PBXFileReference; lastKnownFileType = sourcecode.swift; path = ItemCell.swift; sourceTree = "<group>"; };
		E2FD8E0727FECB5C003F5BA4 /* TabBarMenuVM.swift */ = {isa = PBXFileReference; lastKnownFileType = sourcecode.swift; path = TabBarMenuVM.swift; sourceTree = "<group>"; };
		E2FD8E0927FECB5C003F5BA4 /* ListVM.swift */ = {isa = PBXFileReference; lastKnownFileType = sourcecode.swift; path = ListVM.swift; sourceTree = "<group>"; };
		E2FD8E0B27FECB5C003F5BA4 /* ItemVM.swift */ = {isa = PBXFileReference; lastKnownFileType = sourcecode.swift; path = ItemVM.swift; sourceTree = "<group>"; };
		E2FD8E0D27FECB5C003F5BA4 /* LoginVM.swift */ = {isa = PBXFileReference; lastKnownFileType = sourcecode.swift; path = LoginVM.swift; sourceTree = "<group>"; };
		E2FD8E0F27FECB5C003F5BA4 /* ProfileVM.swift */ = {isa = PBXFileReference; lastKnownFileType = sourcecode.swift; path = ProfileVM.swift; sourceTree = "<group>"; };
		E2FD8E1227FECB5C003F5BA4 /* TabBarMenu.swift */ = {isa = PBXFileReference; lastKnownFileType = sourcecode.swift; path = TabBarMenu.swift; sourceTree = "<group>"; };
		E2FD8E1427FECB5C003F5BA4 /* Item.swift */ = {isa = PBXFileReference; lastKnownFileType = sourcecode.swift; path = Item.swift; sourceTree = "<group>"; };
		E2FD8E1627FECB5C003F5BA4 /* User.swift */ = {isa = PBXFileReference; lastKnownFileType = sourcecode.swift; path = User.swift; sourceTree = "<group>"; };
		E2FD8E1B27FECB5C003F5BA4 /* TabBarMenuVC.swift */ = {isa = PBXFileReference; lastKnownFileType = sourcecode.swift; path = TabBarMenuVC.swift; sourceTree = "<group>"; };
		E2FD8E1D27FECB5C003F5BA4 /* TableVC.swift */ = {isa = PBXFileReference; lastKnownFileType = sourcecode.swift; path = TableVC.swift; sourceTree = "<group>"; };
		E2FD8E1F27FECB5C003F5BA4 /* GridVC.swift */ = {isa = PBXFileReference; lastKnownFileType = sourcecode.swift; path = GridVC.swift; sourceTree = "<group>"; };
		E2FD8E2127FECB5C003F5BA4 /* DetailVC.swift */ = {isa = PBXFileReference; lastKnownFileType = sourcecode.swift; path = DetailVC.swift; sourceTree = "<group>"; };
		E2FD8E2327FECB5C003F5BA4 /* LoginVC.swift */ = {isa = PBXFileReference; lastKnownFileType = sourcecode.swift; path = LoginVC.swift; sourceTree = "<group>"; };
		E2FD8E2527FECB5C003F5BA4 /* ProfileVC.swift */ = {isa = PBXFileReference; lastKnownFileType = sourcecode.swift; path = ProfileVC.swift; sourceTree = "<group>"; };
/* End PBXFileReference section */

/* Begin PBXFrameworksBuildPhase section */
		E2FD8D5627FECB5B003F5BA4 /* Frameworks */ = {
			isa = PBXFrameworksBuildPhase;
			buildActionMask = 2147483647;
			files = (
				DA6213020C8123554D8B4CFB /* Pods_iOStarter.framework in Frameworks */,
			);
			runOnlyForDeploymentPostprocessing = 0;
		};
/* End PBXFrameworksBuildPhase section */

/* Begin PBXGroup section */
		0545F4689409A0EF5D0CDD84 /* Pods */ = {
			isa = PBXGroup;
			children = (
				B25E3B36AB6BD6CB2B4B1E78 /* Pods-iOStarter.debug.xcconfig */,
				B325AEF17A65AAE03EDBE58F /* Pods-iOStarter.release.xcconfig */,
			);
			path = Pods;
			sourceTree = "<group>";
		};
		5AC8FF01CFEC72D18DC46F87 /* Frameworks */ = {
			isa = PBXGroup;
			children = (
				AA0F49E707A3C637E9A03641 /* Pods_iOStarter.framework */,
			);
			name = Frameworks;
			sourceTree = "<group>";
		};
		634E924D2963D56B00100E3D /* UIKit */ = {
			isa = PBXGroup;
			children = (
				E2FD8DB427FECB5B003F5BA4 /* ToastView.swift */,
				E2FD8DC027FECB5B003F5BA4 /* ErrorView.swift */,
				E2FD8DB627FECB5B003F5BA4 /* CheckBox.swift */,
				E2FD8DB827FECB5B003F5BA4 /* PickerField.swift */,
				E2FD8DC227FECB5B003F5BA4 /* LoadIndicatorView.swift */,
			);
			path = UIKit;
			sourceTree = "<group>";
		};
		634E92502963E3C800100E3D /* Base */ = {
			isa = PBXGroup;
			children = (
				634E92522963E4B300100E3D /* Model */,
				634E92512963E3D300100E3D /* ViewModel */,
				634E92532963E85B00100E3D /* Controller */,
			);
			path = Base;
			sourceTree = "<group>";
		};
		634E92512963E3D300100E3D /* ViewModel */ = {
			isa = PBXGroup;
			children = (
				E2FD8DC927FECB5B003F5BA4 /* BaseViewModelList.swift */,
				E2FD8DCB27FECB5B003F5BA4 /* BaseViewModel.swift */,
			);
			path = ViewModel;
			sourceTree = "<group>";
		};
		634E92522963E4B300100E3D /* Model */ = {
			isa = PBXGroup;
			children = (
				E2FD8DC527FECB5B003F5BA4 /* BaseModel.swift */,
			);
			path = Model;
			sourceTree = "<group>";
		};
		634E92532963E85B00100E3D /* Controller */ = {
			isa = PBXGroup;
			children = (
				E2FD8DCF27FECB5B003F5BA4 /* ViewController.swift */,
				E2FD8DD127FECB5C003F5BA4 /* TableViewController.swift */,
				E2FD8DD327FECB5C003F5BA4 /* CollectionViewController.swift */,
			);
			path = Controller;
			sourceTree = "<group>";
		};
		E2381BC62885358100E5C871 /* SwiftUI */ = {
			isa = PBXGroup;
			children = (
				E25B74EE2873DBD400802E43 /* BlueButton.swift */,
				E2381BC7288535A600E5C871 /* RedButton.swift */,
				E2E1E7B5286AFD8F006146F8 /* ActivityIndicatorView.swift */,
			);
			path = SwiftUI;
			sourceTree = "<group>";
		};
		E2CA1B4B286D888100CBA9DA /* SwiftUI */ = {
			isa = PBXGroup;
			children = (
				E2CA1B4C286D88A000CBA9DA /* FitToAspectRatio.swift */,
			);
			path = SwiftUI;
			sourceTree = "<group>";
		};
		E2E1E7B0286AA87F006146F8 /* Row */ = {
			isa = PBXGroup;
			children = (
				E2E1E7B1286AA88A006146F8 /* ListRow.swift */,
				E2CA1B49286D683100CBA9DA /* GridRow.swift */,
			);
			path = Row;
			sourceTree = "<group>";
		};
		E2F84D6C2869A152009F19D7 /* UI */ = {
			isa = PBXGroup;
			children = (
				E2CA1B45286D5FFC00CBA9DA /* TabBarMenuView.swift */,
				E2173292286EA79400F12A3F /* HomeView.swift */,
				E2E1E7AE286AA0CB006146F8 /* ListView.swift */,
				E2CA1B47286D665B00CBA9DA /* GridView.swift */,
				E2E1E7B3286AB29F006146F8 /* DetailView.swift */,
				E2173294286EAA0300F12A3F /* NoLoginView.swift */,
				E217328E286E99B900F12A3F /* LoginView.swift */,
				E2381BC428852FA400E5C871 /* ProfileView.swift */,
			);
			path = UI;
			sourceTree = "<group>";
		};
		E2FD8D4F27FECB5B003F5BA4 = {
			isa = PBXGroup;
			children = (
				E2FD8D5D27FECB5B003F5BA4 /* iOStarter */,
				E2FD8D5C27FECB5B003F5BA4 /* Products */,
				0545F4689409A0EF5D0CDD84 /* Pods */,
				5AC8FF01CFEC72D18DC46F87 /* Frameworks */,
			);
			sourceTree = "<group>";
		};
		E2FD8D5C27FECB5B003F5BA4 /* Products */ = {
			isa = PBXGroup;
			children = (
				E2FD8D5B27FECB5B003F5BA4 /* iOStarter.app */,
			);
			name = Products;
			sourceTree = "<group>";
		};
		E2FD8D5D27FECB5B003F5BA4 /* iOStarter */ = {
			isa = PBXGroup;
			children = (
				E2FD8D5E27FECB5B003F5BA4 /* GoogleService-Info.plist */,
				E2AAB63527FFE92000F19FBE /* iOStarter.entitlements */,
				E2FD8D6627FECB5B003F5BA4 /* Settings.bundle */,
				E2FD8D6827FECB5B003F5BA4 /* Constants */,
				E2FD8D7527FECB5B003F5BA4 /* Resources */,
				E2FD8D8127FECB5B003F5BA4 /* Utilities */,
				E2FD8DBF27FECB5B003F5BA4 /* Components */,
				E2FD8DC427FECB5B003F5BA4 /* Model */,
				634E92502963E3C800100E3D /* Base */,
				E2FD8DD527FECB5C003F5BA4 /* View */,
				E2FD8DEA27FECB5C003F5BA4 /* Storyboard */,
				E2FD8E0227FECB5C003F5BA4 /* Example */,
				E2FD8DF527FECB5C003F5BA4 /* Supporting Files */,
			);
			path = iOStarter;
			sourceTree = "<group>";
		};
		E2FD8D6827FECB5B003F5BA4 /* Constants */ = {
			isa = PBXGroup;
			children = (
				E2FD8D6927FECB5B003F5BA4 /* AppAssets.swift */,
				E2FD8D6B27FECB5B003F5BA4 /* AppColors.swift */,
				E2FD8D6D27FECB5B003F5BA4 /* AppFont.swift */,
				E2FD8D6F27FECB5B003F5BA4 /* AppStoryboard.swift */,
				E2FD8D7127FECB5B003F5BA4 /* AppStrings.swift */,
				E2FD8D7327FECB5B003F5BA4 /* AppError.swift */,
			);
			path = Constants;
			sourceTree = "<group>";
		};
		E2FD8D7527FECB5B003F5BA4 /* Resources */ = {
			isa = PBXGroup;
			children = (
				E2FD8D7D27FECB5B003F5BA4 /* Assets.xcassets */,
				E2FD8D7F27FECB5B003F5BA4 /* Colors.xcassets */,
				E2FD8D7627FECB5B003F5BA4 /* fonts */,
				E2FD8D7827FECB5B003F5BA4 /* MockData */,
			);
			path = Resources;
			sourceTree = "<group>";
		};
		E2FD8D7627FECB5B003F5BA4 /* fonts */ = {
			isa = PBXGroup;
			children = (
				E2FD8D7727FECB5B003F5BA4 /* .gitkeep */,
			);
			path = fonts;
			sourceTree = "<group>";
		};
		E2FD8D7827FECB5B003F5BA4 /* MockData */ = {
			isa = PBXGroup;
			children = (
				E2FD8D7927FECB5B003F5BA4 /* items.json */,
				E2FD8D7B27FECB5B003F5BA4 /* user.json */,
			);
			path = MockData;
			sourceTree = "<group>";
		};
		E2FD8D8127FECB5B003F5BA4 /* Utilities */ = {
			isa = PBXGroup;
			children = (
				E2CA1B4B286D888100CBA9DA /* SwiftUI */,
				E2FD8D8227FECB5B003F5BA4 /* Helper */,
				E2FD8D9C27FECB5B003F5BA4 /* Extension */,
				E2FD8DB127FECB5B003F5BA4 /* Library */,
			);
			path = Utilities;
			sourceTree = "<group>";
		};
		E2FD8D8227FECB5B003F5BA4 /* Helper */ = {
			isa = PBXGroup;
			children = (
				E2FD8D8327FECB5B003F5BA4 /* Api */,
				E2FD8D8E27FECB5B003F5BA4 /* DatabaseHelper.swift */,
				E2FD8D9027FECB5B003F5BA4 /* NotificationHelper.swift */,
				E2FD8D9227FECB5B003F5BA4 /* DownloadManager.swift */,
				E2FD8D9427FECB5B003F5BA4 /* KeyboardStateListener.swift */,
				E2FD8D9627FECB5B003F5BA4 /* LocalizeHelper.swift */,
				E2FD8D9827FECB5B003F5BA4 /* LocationHelper.swift */,
				E2FD8D9A27FECB5B003F5BA4 /* SettingsManager.swift */,
			);
			path = Helper;
			sourceTree = "<group>";
		};
		E2FD8D8327FECB5B003F5BA4 /* Api */ = {
			isa = PBXGroup;
			children = (
				E2FD8D8627FECB5B003F5BA4 /* ApiManager.swift */,
				E2FD8D8427FECB5B003F5BA4 /* ApiComponents.swift */,
				E2FD8D8827FECB5B003F5BA4 /* ApiParameter.swift */,
				E2FD8D8A27FECB5B003F5BA4 /* UploadParameter.swift */,
				630B512A2962C7B40021E780 /* ApiResponse.swift */,
				E24E62382817D4EE0032E0BE /* ApiPath.swift */,
				E2FD8D8C27FECB5B003F5BA4 /* MimeType.swift */,
				630B512429628E240021E780 /* ApiInterceptor.swift */,
				630B5126296298370021E780 /* ApiLogger.swift */,
			);
			path = Api;
			sourceTree = "<group>";
		};
		E2FD8D9C27FECB5B003F5BA4 /* Extension */ = {
			isa = PBXGroup;
			children = (
				E2FD8D9D27FECB5B003F5BA4 /* BoolExtension.swift */,
				E2FD8D9F27FECB5B003F5BA4 /* DateExtension.swift */,
				E2FD8DA127FECB5B003F5BA4 /* IntExtension.swift */,
				E2FD8DA327FECB5B003F5BA4 /* StringExtension.swift */,
				E2FD8DA727FECB5B003F5BA4 /* ColorExtension.swift */,
				E2FD8DA927FECB5B003F5BA4 /* UIImageExtension.swift */,
				E2FD8DAB27FECB5B003F5BA4 /* UITextFieldExtension.swift */,
				E2FD8DAD27FECB5B003F5BA4 /* UIViewExtension.swift */,
				E2FD8DAF27FECB5B003F5BA4 /* UIViewControllerExtension.swift */,
				634E924E2963D86200100E3D /* UIApplicationExtensions.swift */,
			);
			path = Extension;
			sourceTree = "<group>";
		};
		E2FD8DB127FECB5B003F5BA4 /* Library */ = {
			isa = PBXGroup;
			children = (
				E2FD8DBA27FECB5B003F5BA4 /* CameraController */,
			);
			path = Library;
			sourceTree = "<group>";
		};
		E2FD8DBA27FECB5B003F5BA4 /* CameraController */ = {
			isa = PBXGroup;
			children = (
				E2FD8DBB27FECB5B003F5BA4 /* CameraController.swift */,
				E2FD8DBD27FECB5B003F5BA4 /* ZoomSlider.swift */,
			);
			path = CameraController;
			sourceTree = "<group>";
		};
		E2FD8DBF27FECB5B003F5BA4 /* Components */ = {
			isa = PBXGroup;
			children = (
				634E924D2963D56B00100E3D /* UIKit */,
				E2381BC62885358100E5C871 /* SwiftUI */,
			);
			path = Components;
			sourceTree = "<group>";
		};
		E2FD8DC427FECB5B003F5BA4 /* Model */ = {
			isa = PBXGroup;
			children = (
			);
			path = Model;
			sourceTree = "<group>";
		};
		E2FD8DD527FECB5C003F5BA4 /* View */ = {
			isa = PBXGroup;
			children = (
				E2FD8DD627FECB5C003F5BA4 /* Alert */,
			);
			path = View;
			sourceTree = "<group>";
		};
		E2FD8DD627FECB5C003F5BA4 /* Alert */ = {
			isa = PBXGroup;
			children = (
				E2FD8DE127FECB5C003F5BA4 /* UI */,
				634E92542963EA0000100E3D /* AlertAnimation.swift */,
				634E92562963EA9A00100E3D /* AlertSheetAnimation.swift */,
				E2FD8DD727FECB5C003F5BA4 /* AlertAppearance.swift */,
				E2FD8DD927FECB5C003F5BA4 /* AlertController.swift */,
				E2FD8DDB27FECB5C003F5BA4 /* AlertSheetController.swift */,
			);
			path = Alert;
			sourceTree = "<group>";
		};
		E2FD8DE127FECB5C003F5BA4 /* UI */ = {
			isa = PBXGroup;
			children = (
				E2FD8DE627FECB5C003F5BA4 /* AlertView.xib */,
				E2FD8DE827FECB5C003F5BA4 /* AlertSheetView.xib */,
			);
			name = UI;
			path = iOStarter/View/Alert/UI;
			sourceTree = SOURCE_ROOT;
		};
		E2FD8DEA27FECB5C003F5BA4 /* Storyboard */ = {
			isa = PBXGroup;
			children = (
				E2FD8DEB27FECB5C003F5BA4 /* LaunchScreen.storyboard */,
				E2FD8DED27FECB5C003F5BA4 /* Main.storyboard */,
				E2FD8DEF27FECB5C003F5BA4 /* Menu.storyboard */,
				E2FD8DF127FECB5C003F5BA4 /* Auth.storyboard */,
				E2FD8DF327FECB5C003F5BA4 /* Profile.storyboard */,
			);
			path = Storyboard;
			sourceTree = "<group>";
		};
		E2FD8DF527FECB5C003F5BA4 /* Supporting Files */ = {
			isa = PBXGroup;
			children = (
				E2FD8DF627FECB5C003F5BA4 /* Info.plist */,
				E2FD8DF727FECB5C003F5BA4 /* Localizable.strings */,
				E2FD8DFB27FECB5C003F5BA4 /* AppDelegate.swift */,
				E2E1E90B286C1150006146F8 /* SceneDelegate.swift */,
				E2FD8DFD27FECB5C003F5BA4 /* UserSession.swift */,
				E2FD8DFF27FECB5C003F5BA4 /* Encryption.swift */,
				E2FD8E0127FECB5C003F5BA4 /* Project-Bridging-Header.h */,
			);
			path = "Supporting Files";
			sourceTree = "<group>";
		};
		E2FD8E0227FECB5C003F5BA4 /* Example */ = {
			isa = PBXGroup;
			children = (
				E2FD8E1127FECB5C003F5BA4 /* Model */,
				E2FD8E0627FECB5C003F5BA4 /* ViewModel */,
				E2E1E7B0286AA87F006146F8 /* Row */,
				E2FD8E0327FECB5C003F5BA4 /* Cell */,
				E2F84D6C2869A152009F19D7 /* UI */,
				E2FD8E1827FECB5C003F5BA4 /* Controller */,
			);
			path = Example;
			sourceTree = "<group>";
		};
		E2FD8E0327FECB5C003F5BA4 /* Cell */ = {
			isa = PBXGroup;
			children = (
				E2FD8E0427FECB5C003F5BA4 /* ItemCell.swift */,
			);
			path = Cell;
			sourceTree = "<group>";
		};
		E2FD8E0627FECB5C003F5BA4 /* ViewModel */ = {
			isa = PBXGroup;
			children = (
				E2FD8E0727FECB5C003F5BA4 /* TabBarMenuVM.swift */,
				E2FD8E0927FECB5C003F5BA4 /* ListVM.swift */,
				E2FD8E0B27FECB5C003F5BA4 /* ItemVM.swift */,
				E2FD8E0D27FECB5C003F5BA4 /* LoginVM.swift */,
				E2FD8E0F27FECB5C003F5BA4 /* ProfileVM.swift */,
			);
			path = ViewModel;
			sourceTree = "<group>";
		};
		E2FD8E1127FECB5C003F5BA4 /* Model */ = {
			isa = PBXGroup;
			children = (
				E2FD8E1227FECB5C003F5BA4 /* TabBarMenu.swift */,
				E2FD8E1427FECB5C003F5BA4 /* Item.swift */,
				E2FD8E1627FECB5C003F5BA4 /* User.swift */,
			);
			path = Model;
			sourceTree = "<group>";
		};
		E2FD8E1827FECB5C003F5BA4 /* Controller */ = {
			isa = PBXGroup;
			children = (
				E2FD8E1B27FECB5C003F5BA4 /* TabBarMenuVC.swift */,
				E2FD8E1D27FECB5C003F5BA4 /* TableVC.swift */,
				E2FD8E1F27FECB5C003F5BA4 /* GridVC.swift */,
				E2FD8E2127FECB5C003F5BA4 /* DetailVC.swift */,
				E2FD8E2327FECB5C003F5BA4 /* LoginVC.swift */,
				E2FD8E2527FECB5C003F5BA4 /* ProfileVC.swift */,
			);
			path = Controller;
			sourceTree = "<group>";
		};
/* End PBXGroup section */

/* Begin PBXNativeTarget section */
		E2FD8D5A27FECB5B003F5BA4 /* iOStarter */ = {
			isa = PBXNativeTarget;
			buildConfigurationList = E2FD8E2927FECB5C003F5BA4 /* Build configuration list for PBXNativeTarget "iOStarter" */;
			buildPhases = (
				076D8546EF86B361753266A3 /* [CP] Check Pods Manifest.lock */,
				E2FD8D5427FECB5B003F5BA4 /* SwiftGen */,
				E2FD8D5527FECB5B003F5BA4 /* Sources */,
				E2FD8D5627FECB5B003F5BA4 /* Frameworks */,
				E2FD8D5727FECB5B003F5BA4 /* Resources */,
				E2FD8D5827FECB5B003F5BA4 /* Crashlytics */,
				E2FD8D5927FECB5B003F5BA4 /* LicensePlist */,
				E3FC8D3F2B67683D222EFF0E /* [CP] Embed Pods Frameworks */,
			);
			buildRules = (
			);
			dependencies = (
			);
			name = iOStarter;
			productName = iOStarter;
			productReference = E2FD8D5B27FECB5B003F5BA4 /* iOStarter.app */;
			productType = "com.apple.product-type.application";
		};
/* End PBXNativeTarget section */

/* Begin PBXProject section */
		E2FD8D5027FECB5B003F5BA4 /* Project object */ = {
			isa = PBXProject;
			attributes = {
				BuildIndependentTargetsInParallel = 1;
				LastSwiftUpdateCheck = 1300;
				LastUpgradeCheck = 1300;
				ORGANIZATIONNAME = dypme;
				TargetAttributes = {
					E2FD8D5A27FECB5B003F5BA4 = {
						CreatedOnToolsVersion = 13.0;
					};
				};
			};
			buildConfigurationList = E2FD8D5327FECB5B003F5BA4 /* Build configuration list for PBXProject "iOStarter" */;
			compatibilityVersion = "Xcode 13.0";
			developmentRegion = en;
			hasScannedForEncodings = 0;
			knownRegions = (
				en,
				Base,
				id,
			);
			mainGroup = E2FD8D4F27FECB5B003F5BA4;
			productRefGroup = E2FD8D5C27FECB5B003F5BA4 /* Products */;
			projectDirPath = "";
			projectRoot = "";
			targets = (
				E2FD8D5A27FECB5B003F5BA4 /* iOStarter */,
			);
		};
/* End PBXProject section */

/* Begin PBXResourcesBuildPhase section */
		E2FD8D5727FECB5B003F5BA4 /* Resources */ = {
			isa = PBXResourcesBuildPhase;
			buildActionMask = 2147483647;
			files = (
				E2FD8D7C27FECB5B003F5BA4 /* user.json in Resources */,
				E2FD8DF027FECB5C003F5BA4 /* Menu.storyboard in Resources */,
				E2FD8D6727FECB5B003F5BA4 /* Settings.bundle in Resources */,
				E2FD8DEE27FECB5C003F5BA4 /* Main.storyboard in Resources */,
				E2FD8D5F27FECB5B003F5BA4 /* GoogleService-Info.plist in Resources */,
				E2FD8DF227FECB5C003F5BA4 /* Auth.storyboard in Resources */,
				E2FD8DE927FECB5C003F5BA4 /* AlertSheetView.xib in Resources */,
				E2FD8D8027FECB5B003F5BA4 /* Colors.xcassets in Resources */,
				E2FD8D7A27FECB5B003F5BA4 /* items.json in Resources */,
				E2FD8D7E27FECB5B003F5BA4 /* Assets.xcassets in Resources */,
				E2FD8DF427FECB5C003F5BA4 /* Profile.storyboard in Resources */,
				E2FD8DF927FECB5C003F5BA4 /* Localizable.strings in Resources */,
				E2FD8DEC27FECB5C003F5BA4 /* LaunchScreen.storyboard in Resources */,
				E2FD8DE727FECB5C003F5BA4 /* AlertView.xib in Resources */,
			);
			runOnlyForDeploymentPostprocessing = 0;
		};
/* End PBXResourcesBuildPhase section */

/* Begin PBXShellScriptBuildPhase section */
		076D8546EF86B361753266A3 /* [CP] Check Pods Manifest.lock */ = {
			isa = PBXShellScriptBuildPhase;
			buildActionMask = 2147483647;
			files = (
			);
			inputFileListPaths = (
			);
			inputPaths = (
				"${PODS_PODFILE_DIR_PATH}/Podfile.lock",
				"${PODS_ROOT}/Manifest.lock",
			);
			name = "[CP] Check Pods Manifest.lock";
			outputFileListPaths = (
			);
			outputPaths = (
				"$(DERIVED_FILE_DIR)/Pods-iOStarter-checkManifestLockResult.txt",
			);
			runOnlyForDeploymentPostprocessing = 0;
			shellPath = /bin/sh;
			shellScript = "diff \"${PODS_PODFILE_DIR_PATH}/Podfile.lock\" \"${PODS_ROOT}/Manifest.lock\" > /dev/null\nif [ $? != 0 ] ; then\n    # print error to STDERR\n    echo \"error: The sandbox is not in sync with the Podfile.lock. Run 'pod install' or update your CocoaPods installation.\" >&2\n    exit 1\nfi\n# This output is used by Xcode 'outputs' to avoid re-running this script phase.\necho \"SUCCESS\" > \"${SCRIPT_OUTPUT_FILE_0}\"\n";
			showEnvVarsInLog = 0;
		};
		E2FD8D5427FECB5B003F5BA4 /* SwiftGen */ = {
			isa = PBXShellScriptBuildPhase;
			buildActionMask = 12;
			files = (
			);
			inputFileListPaths = (
			);
			inputPaths = (
			);
			name = SwiftGen;
			outputFileListPaths = (
			);
			outputPaths = (
			);
			runOnlyForDeploymentPostprocessing = 0;
			shellPath = /bin/bash;
			shellScript = "\"$PODS_ROOT/SwiftGen/bin/swiftgen\"\n";
		};
		E2FD8D5827FECB5B003F5BA4 /* Crashlytics */ = {
			isa = PBXShellScriptBuildPhase;
			buildActionMask = 8;
			files = (
			);
			inputFileListPaths = (
			);
			inputPaths = (
				"$(SRCROOT)/$(BUILT_PRODUCTS_DIR)/$(INFOPLIST_PATH)",
				"${DWARF_DSYM_FOLDER_PATH}/${DWARF_DSYM_FILE_NAME}/Contents/Resources/DWARF/${TARGET_NAME}",
			);
			name = Crashlytics;
			outputFileListPaths = (
			);
			outputPaths = (
			);
			runOnlyForDeploymentPostprocessing = 1;
			shellPath = /bin/bash;
			shellScript = "\"${PODS_ROOT}/FirebaseCrashlytics/run\"\n";
		};
		E2FD8D5927FECB5B003F5BA4 /* LicensePlist */ = {
			isa = PBXShellScriptBuildPhase;
			buildActionMask = 8;
			files = (
			);
			inputFileListPaths = (
			);
			inputPaths = (
			);
			name = LicensePlist;
			outputFileListPaths = (
			);
			outputPaths = (
			);
			runOnlyForDeploymentPostprocessing = 1;
			shellPath = /bin/bash;
			shellScript = "if [ $CONFIGURATION = \"Debug\" ]; then\n    Pods/LicensePlist/license-plist --output-path Settings.bundle --prefix com.iOStarter.LicensePlist --add-version-numbers --suppress-opening-directory --force \nfi\n";
		};
		E3FC8D3F2B67683D222EFF0E /* [CP] Embed Pods Frameworks */ = {
			isa = PBXShellScriptBuildPhase;
			buildActionMask = 2147483647;
			files = (
			);
			inputFileListPaths = (
				"${PODS_ROOT}/Target Support Files/Pods-iOStarter/Pods-iOStarter-frameworks-${CONFIGURATION}-input-files.xcfilelist",
			);
			name = "[CP] Embed Pods Frameworks";
			outputFileListPaths = (
				"${PODS_ROOT}/Target Support Files/Pods-iOStarter/Pods-iOStarter-frameworks-${CONFIGURATION}-output-files.xcfilelist",
			);
			runOnlyForDeploymentPostprocessing = 0;
			shellPath = /bin/sh;
			shellScript = "\"${PODS_ROOT}/Target Support Files/Pods-iOStarter/Pods-iOStarter-frameworks.sh\"\n";
			showEnvVarsInLog = 0;
		};
/* End PBXShellScriptBuildPhase section */

/* Begin PBXSourcesBuildPhase section */
		E2FD8D5527FECB5B003F5BA4 /* Sources */ = {
			isa = PBXSourcesBuildPhase;
			buildActionMask = 2147483647;
			files = (
				E2FD8D7027FECB5B003F5BA4 /* AppStoryboard.swift in Sources */,
				E2FD8E0C27FECB5C003F5BA4 /* ItemVM.swift in Sources */,
				E2FD8D8927FECB5B003F5BA4 /* ApiParameter.swift in Sources */,
				E2FD8D9727FECB5B003F5BA4 /* LocalizeHelper.swift in Sources */,
				E2381BC8288535A600E5C871 /* RedButton.swift in Sources */,
				E2E1E7B4286AB29F006146F8 /* DetailView.swift in Sources */,
				E2FD8DDC27FECB5C003F5BA4 /* AlertSheetController.swift in Sources */,
				E2CA1B4D286D88A000CBA9DA /* FitToAspectRatio.swift in Sources */,
				E2FD8E2027FECB5C003F5BA4 /* GridVC.swift in Sources */,
				E2FD8E0527FECB5C003F5BA4 /* ItemCell.swift in Sources */,
				E2FD8DA227FECB5B003F5BA4 /* IntExtension.swift in Sources */,
				E2CA1B46286D5FFC00CBA9DA /* TabBarMenuView.swift in Sources */,
				E2FD8E2427FECB5C003F5BA4 /* LoginVC.swift in Sources */,
				E2FD8DB527FECB5B003F5BA4 /* ToastView.swift in Sources */,
				E2FD8D6A27FECB5B003F5BA4 /* AppAssets.swift in Sources */,
				630B5127296298370021E780 /* ApiLogger.swift in Sources */,
				E2173293286EA79400F12A3F /* HomeView.swift in Sources */,
				E2CA1B4A286D683100CBA9DA /* GridRow.swift in Sources */,
				E2FD8DBC27FECB5B003F5BA4 /* CameraController.swift in Sources */,
				E2FD8E1E27FECB5C003F5BA4 /* TableVC.swift in Sources */,
				634E92572963EA9A00100E3D /* AlertSheetAnimation.swift in Sources */,
				E2FD8DCC27FECB5B003F5BA4 /* BaseViewModel.swift in Sources */,
				E2FD8E2227FECB5C003F5BA4 /* DetailVC.swift in Sources */,
				E2FD8DDA27FECB5C003F5BA4 /* AlertController.swift in Sources */,
				E2FD8E0A27FECB5C003F5BA4 /* ListVM.swift in Sources */,
				E2173295286EAA0300F12A3F /* NoLoginView.swift in Sources */,
				E2FD8D7427FECB5B003F5BA4 /* AppError.swift in Sources */,
				E24E62392817D4EE0032E0BE /* ApiPath.swift in Sources */,
				E2FD8DAA27FECB5B003F5BA4 /* UIImageExtension.swift in Sources */,
				E2FD8D8F27FECB5B003F5BA4 /* DatabaseHelper.swift in Sources */,
				630B512529628E240021E780 /* ApiInterceptor.swift in Sources */,
				E2FD8DCA27FECB5B003F5BA4 /* BaseViewModelList.swift in Sources */,
				E2FD8DC327FECB5B003F5BA4 /* LoadIndicatorView.swift in Sources */,
				E2FD8DD227FECB5C003F5BA4 /* TableViewController.swift in Sources */,
				E2FD8D9327FECB5B003F5BA4 /* DownloadManager.swift in Sources */,
				E2FD8D9927FECB5B003F5BA4 /* LocationHelper.swift in Sources */,
				E2FD8D8B27FECB5B003F5BA4 /* UploadParameter.swift in Sources */,
				E2FD8DA427FECB5B003F5BA4 /* StringExtension.swift in Sources */,
				E2FD8E1727FECB5C003F5BA4 /* User.swift in Sources */,
				E2FD8DD427FECB5C003F5BA4 /* CollectionViewController.swift in Sources */,
				E2FD8D9127FECB5B003F5BA4 /* NotificationHelper.swift in Sources */,
				E2FD8DFC27FECB5C003F5BA4 /* AppDelegate.swift in Sources */,
				E2FD8E1527FECB5C003F5BA4 /* Item.swift in Sources */,
				E2FD8DB927FECB5B003F5BA4 /* PickerField.swift in Sources */,
				E2FD8D9B27FECB5B003F5BA4 /* SettingsManager.swift in Sources */,
				E2FD8DB027FECB5B003F5BA4 /* UIViewControllerExtension.swift in Sources */,
				E2FD8E1C27FECB5C003F5BA4 /* TabBarMenuVC.swift in Sources */,
				E2FD8D8D27FECB5B003F5BA4 /* MimeType.swift in Sources */,
				630B512B2962C7B40021E780 /* ApiResponse.swift in Sources */,
				E2FD8D6C27FECB5B003F5BA4 /* AppColors.swift in Sources */,
				E2FD8D8727FECB5B003F5BA4 /* ApiManager.swift in Sources */,
				E25B74EF2873DBD400802E43 /* BlueButton.swift in Sources */,
				634E924F2963D86200100E3D /* UIApplicationExtensions.swift in Sources */,
				E2FD8E1327FECB5C003F5BA4 /* TabBarMenu.swift in Sources */,
				E2E1E90C286C1150006146F8 /* SceneDelegate.swift in Sources */,
				E2FD8E2627FECB5C003F5BA4 /* ProfileVC.swift in Sources */,
				E2FD8E0E27FECB5C003F5BA4 /* LoginVM.swift in Sources */,
				E2FD8DAC27FECB5B003F5BA4 /* UITextFieldExtension.swift in Sources */,
				E2FD8E0027FECB5C003F5BA4 /* Encryption.swift in Sources */,
				E2FD8DAE27FECB5B003F5BA4 /* UIViewExtension.swift in Sources */,
				E217328F286E99B900F12A3F /* LoginView.swift in Sources */,
				E2FD8DA827FECB5B003F5BA4 /* ColorExtension.swift in Sources */,
				E2E1E7B6286AFD8F006146F8 /* ActivityIndicatorView.swift in Sources */,
				E2FD8E0827FECB5C003F5BA4 /* TabBarMenuVM.swift in Sources */,
				E2FD8DC127FECB5B003F5BA4 /* ErrorView.swift in Sources */,
				E2FD8DD827FECB5C003F5BA4 /* AlertAppearance.swift in Sources */,
				E2E1E7B2286AA88A006146F8 /* ListRow.swift in Sources */,
				E2FD8D8527FECB5B003F5BA4 /* ApiComponents.swift in Sources */,
				E2FD8DD027FECB5B003F5BA4 /* ViewController.swift in Sources */,
				E2FD8DC627FECB5B003F5BA4 /* BaseModel.swift in Sources */,
				E2E1E7AF286AA0CB006146F8 /* ListView.swift in Sources */,
				E2FD8DB727FECB5B003F5BA4 /* CheckBox.swift in Sources */,
				E2FD8DBE27FECB5B003F5BA4 /* ZoomSlider.swift in Sources */,
				E2FD8D9E27FECB5B003F5BA4 /* BoolExtension.swift in Sources */,
				E2FD8D9527FECB5B003F5BA4 /* KeyboardStateListener.swift in Sources */,
				E2381BC528852FA400E5C871 /* ProfileView.swift in Sources */,
				E2FD8DFE27FECB5C003F5BA4 /* UserSession.swift in Sources */,
				E2FD8D7227FECB5B003F5BA4 /* AppStrings.swift in Sources */,
				E2FD8D6E27FECB5B003F5BA4 /* AppFont.swift in Sources */,
				E2CA1B48286D665B00CBA9DA /* GridView.swift in Sources */,
				E2FD8E1027FECB5C003F5BA4 /* ProfileVM.swift in Sources */,
				E2FD8DA027FECB5B003F5BA4 /* DateExtension.swift in Sources */,
				634E92552963EA0000100E3D /* AlertAnimation.swift in Sources */,
			);
			runOnlyForDeploymentPostprocessing = 0;
		};
/* End PBXSourcesBuildPhase section */

/* Begin PBXVariantGroup section */
		E2FD8DF727FECB5C003F5BA4 /* Localizable.strings */ = {
			isa = PBXVariantGroup;
			children = (
				E2FD8DF827FECB5C003F5BA4 /* en */,
				E2FD8DFA27FECB5C003F5BA4 /* id */,
			);
			name = Localizable.strings;
			sourceTree = "<group>";
		};
/* End PBXVariantGroup section */

/* Begin XCBuildConfiguration section */
		E2FD8E2727FECB5C003F5BA4 /* Debug */ = {
			isa = XCBuildConfiguration;
			buildSettings = {
				ALWAYS_SEARCH_USER_PATHS = NO;
				CLANG_ANALYZER_NONNULL = YES;
				CLANG_ANALYZER_NUMBER_OBJECT_CONVERSION = YES_AGGRESSIVE;
				CLANG_CXX_LANGUAGE_STANDARD = "gnu++17";
				CLANG_CXX_LIBRARY = "libc++";
				CLANG_ENABLE_MODULES = YES;
				CLANG_ENABLE_OBJC_ARC = YES;
				CLANG_ENABLE_OBJC_WEAK = YES;
				CLANG_WARN_BLOCK_CAPTURE_AUTORELEASING = YES;
				CLANG_WARN_BOOL_CONVERSION = YES;
				CLANG_WARN_COMMA = YES;
				CLANG_WARN_CONSTANT_CONVERSION = YES;
				CLANG_WARN_DEPRECATED_OBJC_IMPLEMENTATIONS = YES;
				CLANG_WARN_DIRECT_OBJC_ISA_USAGE = YES_ERROR;
				CLANG_WARN_DOCUMENTATION_COMMENTS = YES;
				CLANG_WARN_EMPTY_BODY = YES;
				CLANG_WARN_ENUM_CONVERSION = YES;
				CLANG_WARN_INFINITE_RECURSION = YES;
				CLANG_WARN_INT_CONVERSION = YES;
				CLANG_WARN_NON_LITERAL_NULL_CONVERSION = YES;
				CLANG_WARN_OBJC_IMPLICIT_RETAIN_SELF = YES;
				CLANG_WARN_OBJC_LITERAL_CONVERSION = YES;
				CLANG_WARN_OBJC_ROOT_CLASS = YES_ERROR;
				CLANG_WARN_QUOTED_INCLUDE_IN_FRAMEWORK_HEADER = YES;
				CLANG_WARN_RANGE_LOOP_ANALYSIS = YES;
				CLANG_WARN_STRICT_PROTOTYPES = YES;
				CLANG_WARN_SUSPICIOUS_MOVE = YES;
				CLANG_WARN_UNGUARDED_AVAILABILITY = YES_AGGRESSIVE;
				CLANG_WARN_UNREACHABLE_CODE = YES;
				CLANG_WARN__DUPLICATE_METHOD_MATCH = YES;
				"CODE_SIGN_IDENTITY[sdk=iphoneos*]" = "iPhone Developer";
				COPY_PHASE_STRIP = NO;
				DEBUG_INFORMATION_FORMAT = dwarf;
				ENABLE_STRICT_OBJC_MSGSEND = YES;
				ENABLE_TESTABILITY = YES;
				GCC_C_LANGUAGE_STANDARD = gnu11;
				GCC_DYNAMIC_NO_PIC = NO;
				GCC_NO_COMMON_BLOCKS = YES;
				GCC_OPTIMIZATION_LEVEL = 0;
				GCC_PREPROCESSOR_DEFINITIONS = (
					"DEBUG=1",
					"$(inherited)",
				);
				GCC_WARN_64_TO_32_BIT_CONVERSION = YES;
				GCC_WARN_ABOUT_RETURN_TYPE = YES_ERROR;
				GCC_WARN_UNDECLARED_SELECTOR = YES;
				GCC_WARN_UNINITIALIZED_AUTOS = YES_AGGRESSIVE;
				GCC_WARN_UNUSED_FUNCTION = YES;
				GCC_WARN_UNUSED_VARIABLE = YES;
				IPHONEOS_DEPLOYMENT_TARGET = 15.0;
				MTL_ENABLE_DEBUG_INFO = INCLUDE_SOURCE;
				MTL_FAST_MATH = YES;
				ONLY_ACTIVE_ARCH = YES;
				SDKROOT = iphoneos;
			};
			name = Debug;
		};
		E2FD8E2827FECB5C003F5BA4 /* Release */ = {
			isa = XCBuildConfiguration;
			buildSettings = {
				ALWAYS_SEARCH_USER_PATHS = NO;
				CLANG_ANALYZER_NONNULL = YES;
				CLANG_ANALYZER_NUMBER_OBJECT_CONVERSION = YES_AGGRESSIVE;
				CLANG_CXX_LANGUAGE_STANDARD = "gnu++17";
				CLANG_CXX_LIBRARY = "libc++";
				CLANG_ENABLE_MODULES = YES;
				CLANG_ENABLE_OBJC_ARC = YES;
				CLANG_ENABLE_OBJC_WEAK = YES;
				CLANG_WARN_BLOCK_CAPTURE_AUTORELEASING = YES;
				CLANG_WARN_BOOL_CONVERSION = YES;
				CLANG_WARN_COMMA = YES;
				CLANG_WARN_CONSTANT_CONVERSION = YES;
				CLANG_WARN_DEPRECATED_OBJC_IMPLEMENTATIONS = YES;
				CLANG_WARN_DIRECT_OBJC_ISA_USAGE = YES_ERROR;
				CLANG_WARN_DOCUMENTATION_COMMENTS = YES;
				CLANG_WARN_EMPTY_BODY = YES;
				CLANG_WARN_ENUM_CONVERSION = YES;
				CLANG_WARN_INFINITE_RECURSION = YES;
				CLANG_WARN_INT_CONVERSION = YES;
				CLANG_WARN_NON_LITERAL_NULL_CONVERSION = YES;
				CLANG_WARN_OBJC_IMPLICIT_RETAIN_SELF = YES;
				CLANG_WARN_OBJC_LITERAL_CONVERSION = YES;
				CLANG_WARN_OBJC_ROOT_CLASS = YES_ERROR;
				CLANG_WARN_QUOTED_INCLUDE_IN_FRAMEWORK_HEADER = YES;
				CLANG_WARN_RANGE_LOOP_ANALYSIS = YES;
				CLANG_WARN_STRICT_PROTOTYPES = YES;
				CLANG_WARN_SUSPICIOUS_MOVE = YES;
				CLANG_WARN_UNGUARDED_AVAILABILITY = YES_AGGRESSIVE;
				CLANG_WARN_UNREACHABLE_CODE = YES;
				CLANG_WARN__DUPLICATE_METHOD_MATCH = YES;
				"CODE_SIGN_IDENTITY[sdk=iphoneos*]" = "iPhone Developer";
				COPY_PHASE_STRIP = NO;
				DEBUG_INFORMATION_FORMAT = "dwarf-with-dsym";
				ENABLE_NS_ASSERTIONS = NO;
				ENABLE_STRICT_OBJC_MSGSEND = YES;
				GCC_C_LANGUAGE_STANDARD = gnu11;
				GCC_NO_COMMON_BLOCKS = YES;
				GCC_WARN_64_TO_32_BIT_CONVERSION = YES;
				GCC_WARN_ABOUT_RETURN_TYPE = YES_ERROR;
				GCC_WARN_UNDECLARED_SELECTOR = YES;
				GCC_WARN_UNINITIALIZED_AUTOS = YES_AGGRESSIVE;
				GCC_WARN_UNUSED_FUNCTION = YES;
				GCC_WARN_UNUSED_VARIABLE = YES;
				IPHONEOS_DEPLOYMENT_TARGET = 15.0;
				MTL_ENABLE_DEBUG_INFO = NO;
				MTL_FAST_MATH = YES;
				SDKROOT = iphoneos;
				VALIDATE_PRODUCT = YES;
			};
			name = Release;
		};
		E2FD8E2A27FECB5C003F5BA4 /* Debug */ = {
			isa = XCBuildConfiguration;
			baseConfigurationReference = B25E3B36AB6BD6CB2B4B1E78 /* Pods-iOStarter.debug.xcconfig */;
			buildSettings = {
				ASSETCATALOG_COMPILER_APPICON_NAME = AppIcon;
				CODE_SIGN_ENTITLEMENTS = iOStarter/iOStarter.entitlements;
				CODE_SIGN_STYLE = Automatic;
				CURRENT_PROJECT_VERSION = 1;
				DEBUG_INFORMATION_FORMAT = "dwarf-with-dsym";
				GENERATE_INFOPLIST_FILE = NO;
				INFOPLIST_FILE = "iOStarter/Supporting Files/Info.plist";
				IPHONEOS_DEPLOYMENT_TARGET = 14.0;
				LD_RUNPATH_SEARCH_PATHS = (
					"$(inherited)",
					"@executable_path/Frameworks",
				);
				MARKETING_VERSION = 1.4.0;
				PRODUCT_BUNDLE_IDENTIFIER = com.dypme.starter;
				PRODUCT_NAME = "$(TARGET_NAME)";
				SWIFT_EMIT_LOC_STRINGS = YES;
				SWIFT_OBJC_BRIDGING_HEADER = "iOStarter/Supporting Files/Project-Bridging-Header.h";
				SWIFT_OPTIMIZATION_LEVEL = "-Onone";
				SWIFT_VERSION = 5.0;
				TARGETED_DEVICE_FAMILY = "1,2";
			};
			name = Debug;
		};
		E2FD8E2B27FECB5C003F5BA4 /* Release */ = {
			isa = XCBuildConfiguration;
			baseConfigurationReference = B325AEF17A65AAE03EDBE58F /* Pods-iOStarter.release.xcconfig */;
			buildSettings = {
				ASSETCATALOG_COMPILER_APPICON_NAME = AppIcon;
				CODE_SIGN_ENTITLEMENTS = iOStarter/iOStarter.entitlements;
				CODE_SIGN_STYLE = Automatic;
				CURRENT_PROJECT_VERSION = 1;
				DEBUG_INFORMATION_FORMAT = "dwarf-with-dsym";
				GENERATE_INFOPLIST_FILE = NO;
				INFOPLIST_FILE = "iOStarter/Supporting Files/Info.plist";
				IPHONEOS_DEPLOYMENT_TARGET = 14.0;
				LD_RUNPATH_SEARCH_PATHS = (
					"$(inherited)",
					"@executable_path/Frameworks",
				);
				MARKETING_VERSION = 1.4.0;
				PRODUCT_BUNDLE_IDENTIFIER = com.dypme.starter;
				PRODUCT_NAME = "$(TARGET_NAME)";
				SWIFT_EMIT_LOC_STRINGS = YES;
				SWIFT_OBJC_BRIDGING_HEADER = "iOStarter/Supporting Files/Project-Bridging-Header.h";
				SWIFT_OPTIMIZATION_LEVEL = "-Onone";
				SWIFT_VERSION = 5.0;
				TARGETED_DEVICE_FAMILY = "1,2";
			};
			name = Release;
		};
/* End XCBuildConfiguration section */

/* Begin XCConfigurationList section */
		E2FD8D5327FECB5B003F5BA4 /* Build configuration list for PBXProject "iOStarter" */ = {
			isa = XCConfigurationList;
			buildConfigurations = (
				E2FD8E2727FECB5C003F5BA4 /* Debug */,
				E2FD8E2827FECB5C003F5BA4 /* Release */,
			);
			defaultConfigurationIsVisible = 0;
			defaultConfigurationName = Release;
		};
		E2FD8E2927FECB5C003F5BA4 /* Build configuration list for PBXNativeTarget "iOStarter" */ = {
			isa = XCConfigurationList;
			buildConfigurations = (
				E2FD8E2A27FECB5C003F5BA4 /* Debug */,
				E2FD8E2B27FECB5C003F5BA4 /* Release */,
			);
			defaultConfigurationIsVisible = 0;
			defaultConfigurationName = Release;
		};
/* End XCConfigurationList section */
	};
	rootObject = E2FD8D5027FECB5B003F5BA4 /* Project object */;
}
